// !$*UTF8*$!
{
	archiveVersion = 1;
	classes = {
	};
	objectVersion = 46;
	objects = {

/* Begin PBXBuildFile section */
		9B20B6E0135CCB4100E53138 /* QuartzCore.framework in Frameworks */ = {isa = PBXBuildFile; fileRef = 9B20B6DF135CCB4100E53138 /* QuartzCore.framework */; };
		9B20B6E2135CCB4100E53138 /* OpenGL.framework in Frameworks */ = {isa = PBXBuildFile; fileRef = 9B20B6E1135CCB4100E53138 /* OpenGL.framework */; };
		9B20B6E4135CCB4100E53138 /* OpenAL.framework in Frameworks */ = {isa = PBXBuildFile; fileRef = 9B20B6E3135CCB4100E53138 /* OpenAL.framework */; };
		9B20B6E6135CCB4100E53138 /* AudioToolbox.framework in Frameworks */ = {isa = PBXBuildFile; fileRef = 9B20B6E5135CCB4100E53138 /* AudioToolbox.framework */; };
		9B20B6E8135CCB4100E53138 /* AppKit.framework in Frameworks */ = {isa = PBXBuildFile; fileRef = 9B20B6E7135CCB4100E53138 /* AppKit.framework */; };
		9B20B6EA135CCB4100E53138 /* Foundation.framework in Frameworks */ = {isa = PBXBuildFile; fileRef = 9B20B6E9135CCB4100E53138 /* Foundation.framework */; };
		9B20B6EF135CCB4100E53138 /* InfoPlist.strings in Resources */ = {isa = PBXBuildFile; fileRef = 9B20B6ED135CCB4100E53138 /* InfoPlist.strings */; };
		9B20B6F2135CCB4100E53138 /* MainMenu.xib in Resources */ = {isa = PBXBuildFile; fileRef = 9B20B6F0135CCB4100E53138 /* MainMenu.xib */; };
		9B20B6F4135CCB4100E53138 /* fps_images.png in Resources */ = {isa = PBXBuildFile; fileRef = 9B20B6F3135CCB4100E53138 /* fps_images.png */; };
		9B20B6F6135CCB4100E53138 /* icon.icns in Resources */ = {isa = PBXBuildFile; fileRef = 9B20B6F5135CCB4100E53138 /* icon.icns */; };
		9B20B6FB135CCB4100E53138 /* CCAction.m in Sources */ = {isa = PBXBuildFile; fileRef = 9B20B6FA135CCB4100E53138 /* CCAction.m */; };
		9B20B6FE135CCB4100E53138 /* CCActionCamera.m in Sources */ = {isa = PBXBuildFile; fileRef = 9B20B6FD135CCB4100E53138 /* CCActionCamera.m */; };
		9B20B701135CCB4100E53138 /* CCActionEase.m in Sources */ = {isa = PBXBuildFile; fileRef = 9B20B700135CCB4100E53138 /* CCActionEase.m */; };
		9B20B704135CCB4100E53138 /* CCActionGrid.m in Sources */ = {isa = PBXBuildFile; fileRef = 9B20B703135CCB4100E53138 /* CCActionGrid.m */; };
		9B20B707135CCB4100E53138 /* CCActionGrid3D.m in Sources */ = {isa = PBXBuildFile; fileRef = 9B20B706135CCB4100E53138 /* CCActionGrid3D.m */; };
		9B20B70A135CCB4100E53138 /* CCActionInstant.m in Sources */ = {isa = PBXBuildFile; fileRef = 9B20B709135CCB4100E53138 /* CCActionInstant.m */; };
		9B20B70D135CCB4100E53138 /* CCActionInterval.m in Sources */ = {isa = PBXBuildFile; fileRef = 9B20B70C135CCB4100E53138 /* CCActionInterval.m */; };
		9B20B710135CCB4100E53138 /* CCActionManager.m in Sources */ = {isa = PBXBuildFile; fileRef = 9B20B70F135CCB4100E53138 /* CCActionManager.m */; };
		9B20B713135CCB4100E53138 /* CCActionPageTurn3D.m in Sources */ = {isa = PBXBuildFile; fileRef = 9B20B712135CCB4100E53138 /* CCActionPageTurn3D.m */; };
		9B20B716135CCB4100E53138 /* CCActionProgressTimer.m in Sources */ = {isa = PBXBuildFile; fileRef = 9B20B715135CCB4100E53138 /* CCActionProgressTimer.m */; };
		9B20B719135CCB4100E53138 /* CCActionTiledGrid.m in Sources */ = {isa = PBXBuildFile; fileRef = 9B20B718135CCB4100E53138 /* CCActionTiledGrid.m */; };
		9B20B71C135CCB4100E53138 /* CCActionTween.m in Sources */ = {isa = PBXBuildFile; fileRef = 9B20B71B135CCB4100E53138 /* CCActionTween.m */; };
		9B20B71F135CCB4100E53138 /* CCAnimation.m in Sources */ = {isa = PBXBuildFile; fileRef = 9B20B71E135CCB4100E53138 /* CCAnimation.m */; };
		9B20B722135CCB4100E53138 /* CCAnimationCache.m in Sources */ = {isa = PBXBuildFile; fileRef = 9B20B721135CCB4100E53138 /* CCAnimationCache.m */; };
		9B20B725135CCB4100E53138 /* CCAtlasNode.m in Sources */ = {isa = PBXBuildFile; fileRef = 9B20B724135CCB4100E53138 /* CCAtlasNode.m */; };
		9B20B728135CCB4100E53138 /* CCBlockSupport.m in Sources */ = {isa = PBXBuildFile; fileRef = 9B20B727135CCB4100E53138 /* CCBlockSupport.m */; };
		9B20B72B135CCB4100E53138 /* CCCamera.m in Sources */ = {isa = PBXBuildFile; fileRef = 9B20B72A135CCB4100E53138 /* CCCamera.m */; };
		9B20B72F135CCB4100E53138 /* CCConfiguration.m in Sources */ = {isa = PBXBuildFile; fileRef = 9B20B72E135CCB4100E53138 /* CCConfiguration.m */; };
		9B20B732135CCB4100E53138 /* CCDirector.m in Sources */ = {isa = PBXBuildFile; fileRef = 9B20B731135CCB4100E53138 /* CCDirector.m */; };
		9B20B735135CCB4100E53138 /* CCDrawingPrimitives.m in Sources */ = {isa = PBXBuildFile; fileRef = 9B20B734135CCB4100E53138 /* CCDrawingPrimitives.m */; };
		9B20B738135CCB4100E53138 /* CCGrabber.m in Sources */ = {isa = PBXBuildFile; fileRef = 9B20B737135CCB4100E53138 /* CCGrabber.m */; };
		9B20B73B135CCB4100E53138 /* CCGrid.m in Sources */ = {isa = PBXBuildFile; fileRef = 9B20B73A135CCB4100E53138 /* CCGrid.m */; };
		9B20B73E135CCB4100E53138 /* CCLabelAtlas.m in Sources */ = {isa = PBXBuildFile; fileRef = 9B20B73D135CCB4100E53138 /* CCLabelAtlas.m */; };
		9B20B741135CCB4100E53138 /* CCLabelBMFont.m in Sources */ = {isa = PBXBuildFile; fileRef = 9B20B740135CCB4100E53138 /* CCLabelBMFont.m */; };
		9B20B744135CCB4100E53138 /* CCLabelTTF.m in Sources */ = {isa = PBXBuildFile; fileRef = 9B20B743135CCB4100E53138 /* CCLabelTTF.m */; };
		9B20B747135CCB4200E53138 /* CCLayer.m in Sources */ = {isa = PBXBuildFile; fileRef = 9B20B746135CCB4200E53138 /* CCLayer.m */; };
		9B20B74B135CCB4200E53138 /* CCMenu.m in Sources */ = {isa = PBXBuildFile; fileRef = 9B20B74A135CCB4200E53138 /* CCMenu.m */; };
		9B20B74E135CCB4200E53138 /* CCMenuItem.m in Sources */ = {isa = PBXBuildFile; fileRef = 9B20B74D135CCB4200E53138 /* CCMenuItem.m */; };
		9B20B751135CCB4200E53138 /* CCMotionStreak.m in Sources */ = {isa = PBXBuildFile; fileRef = 9B20B750135CCB4200E53138 /* CCMotionStreak.m */; };
		9B20B754135CCB4200E53138 /* CCNode.m in Sources */ = {isa = PBXBuildFile; fileRef = 9B20B753135CCB4200E53138 /* CCNode.m */; };
		9B20B757135CCB4200E53138 /* CCParallaxNode.m in Sources */ = {isa = PBXBuildFile; fileRef = 9B20B756135CCB4200E53138 /* CCParallaxNode.m */; };
		9B20B75A135CCB4200E53138 /* CCParticleExamples.m in Sources */ = {isa = PBXBuildFile; fileRef = 9B20B759135CCB4200E53138 /* CCParticleExamples.m */; };
		9B20B75D135CCB4200E53138 /* CCParticleSystem.m in Sources */ = {isa = PBXBuildFile; fileRef = 9B20B75C135CCB4200E53138 /* CCParticleSystem.m */; };
		9B20B760135CCB4200E53138 /* CCParticleSystemPoint.m in Sources */ = {isa = PBXBuildFile; fileRef = 9B20B75F135CCB4200E53138 /* CCParticleSystemPoint.m */; };
		9B20B763135CCB4200E53138 /* CCParticleSystemQuad.m in Sources */ = {isa = PBXBuildFile; fileRef = 9B20B762135CCB4200E53138 /* CCParticleSystemQuad.m */; };
		9B20B766135CCB4200E53138 /* CCProgressTimer.m in Sources */ = {isa = PBXBuildFile; fileRef = 9B20B765135CCB4200E53138 /* CCProgressTimer.m */; };
		9B20B76A135CCB4200E53138 /* CCRenderTexture.m in Sources */ = {isa = PBXBuildFile; fileRef = 9B20B769135CCB4200E53138 /* CCRenderTexture.m */; };
		9B20B76D135CCB4200E53138 /* CCRibbon.m in Sources */ = {isa = PBXBuildFile; fileRef = 9B20B76C135CCB4200E53138 /* CCRibbon.m */; };
		9B20B770135CCB4200E53138 /* CCScene.m in Sources */ = {isa = PBXBuildFile; fileRef = 9B20B76F135CCB4200E53138 /* CCScene.m */; };
		9B20B773135CCB4200E53138 /* CCScheduler.m in Sources */ = {isa = PBXBuildFile; fileRef = 9B20B772135CCB4200E53138 /* CCScheduler.m */; };
		9B20B776135CCB4200E53138 /* CCSprite.m in Sources */ = {isa = PBXBuildFile; fileRef = 9B20B775135CCB4200E53138 /* CCSprite.m */; };
		9B20B779135CCB4200E53138 /* CCSpriteBatchNode.m in Sources */ = {isa = PBXBuildFile; fileRef = 9B20B778135CCB4200E53138 /* CCSpriteBatchNode.m */; };
		9B20B77C135CCB4200E53138 /* CCSpriteFrame.m in Sources */ = {isa = PBXBuildFile; fileRef = 9B20B77B135CCB4200E53138 /* CCSpriteFrame.m */; };
		9B20B77F135CCB4200E53138 /* CCSpriteFrameCache.m in Sources */ = {isa = PBXBuildFile; fileRef = 9B20B77E135CCB4200E53138 /* CCSpriteFrameCache.m */; };
		9B20B782135CCB4200E53138 /* CCTexture2D.m in Sources */ = {isa = PBXBuildFile; fileRef = 9B20B781135CCB4200E53138 /* CCTexture2D.m */; };
		9B20B785135CCB4200E53138 /* CCTextureAtlas.m in Sources */ = {isa = PBXBuildFile; fileRef = 9B20B784135CCB4200E53138 /* CCTextureAtlas.m */; };
		9B20B788135CCB4200E53138 /* CCTextureCache.m in Sources */ = {isa = PBXBuildFile; fileRef = 9B20B787135CCB4200E53138 /* CCTextureCache.m */; };
		9B20B78B135CCB4200E53138 /* CCTexturePVR.m in Sources */ = {isa = PBXBuildFile; fileRef = 9B20B78A135CCB4200E53138 /* CCTexturePVR.m */; };
		9B20B78E135CCB4200E53138 /* CCTileMapAtlas.m in Sources */ = {isa = PBXBuildFile; fileRef = 9B20B78D135CCB4200E53138 /* CCTileMapAtlas.m */; };
		9B20B791135CCB4200E53138 /* CCTMXLayer.m in Sources */ = {isa = PBXBuildFile; fileRef = 9B20B790135CCB4200E53138 /* CCTMXLayer.m */; };
		9B20B794135CCB4200E53138 /* CCTMXObjectGroup.m in Sources */ = {isa = PBXBuildFile; fileRef = 9B20B793135CCB4200E53138 /* CCTMXObjectGroup.m */; };
		9B20B797135CCB4200E53138 /* CCTMXTiledMap.m in Sources */ = {isa = PBXBuildFile; fileRef = 9B20B796135CCB4200E53138 /* CCTMXTiledMap.m */; };
		9B20B79A135CCB4200E53138 /* CCTMXXMLParser.m in Sources */ = {isa = PBXBuildFile; fileRef = 9B20B799135CCB4200E53138 /* CCTMXXMLParser.m */; };
		9B20B79D135CCB4200E53138 /* CCTransition.m in Sources */ = {isa = PBXBuildFile; fileRef = 9B20B79C135CCB4200E53138 /* CCTransition.m */; };
		9B20B7A0135CCB4200E53138 /* CCTransitionPageTurn.m in Sources */ = {isa = PBXBuildFile; fileRef = 9B20B79F135CCB4200E53138 /* CCTransitionPageTurn.m */; };
		9B20B7A3135CCB4200E53138 /* CCTransitionRadial.m in Sources */ = {isa = PBXBuildFile; fileRef = 9B20B7A2135CCB4200E53138 /* CCTransitionRadial.m */; };
		9B20B7A7135CCB4200E53138 /* cocos2d.m in Sources */ = {isa = PBXBuildFile; fileRef = 9B20B7A6135CCB4200E53138 /* cocos2d.m */; };
		9B20B7AC135CCB4200E53138 /* CCDirectorIOS.m in Sources */ = {isa = PBXBuildFile; fileRef = 9B20B7AB135CCB4200E53138 /* CCDirectorIOS.m */; };
		9B20B7B0135CCB4200E53138 /* CCTouchDispatcher.m in Sources */ = {isa = PBXBuildFile; fileRef = 9B20B7AF135CCB4200E53138 /* CCTouchDispatcher.m */; };
		9B20B7B3135CCB4200E53138 /* CCTouchHandler.m in Sources */ = {isa = PBXBuildFile; fileRef = 9B20B7B2135CCB4200E53138 /* CCTouchHandler.m */; };
		9B20B7B6135CCB4200E53138 /* EAGLView.m in Sources */ = {isa = PBXBuildFile; fileRef = 9B20B7B5135CCB4200E53138 /* EAGLView.m */; };
		9B20B7B9135CCB4200E53138 /* ES1Renderer.m in Sources */ = {isa = PBXBuildFile; fileRef = 9B20B7B8135CCB4200E53138 /* ES1Renderer.m */; };
		9B20B7BC135CCB4200E53138 /* glu.c in Sources */ = {isa = PBXBuildFile; fileRef = 9B20B7BB135CCB4200E53138 /* glu.c */; };
		9B20B7C0135CCB4200E53138 /* CCDirectorMac.m in Sources */ = {isa = PBXBuildFile; fileRef = 9B20B7BF135CCB4200E53138 /* CCDirectorMac.m */; };
		9B20B7C3135CCB4200E53138 /* CCEventDispatcher.m in Sources */ = {isa = PBXBuildFile; fileRef = 9B20B7C2135CCB4200E53138 /* CCEventDispatcher.m */; };
		9B20B7C6135CCB4200E53138 /* MacGLView.m in Sources */ = {isa = PBXBuildFile; fileRef = 9B20B7C5135CCB4200E53138 /* MacGLView.m */; };
		9B20B7C9135CCB4200E53138 /* MacWindow.m in Sources */ = {isa = PBXBuildFile; fileRef = 9B20B7C8135CCB4200E53138 /* MacWindow.m */; };
		9B20B7CB135CCB4200E53138 /* base64.c in Sources */ = {isa = PBXBuildFile; fileRef = 9B20B7CA135CCB4200E53138 /* base64.c */; };
		9B20B7CF135CCB4200E53138 /* CCArray.m in Sources */ = {isa = PBXBuildFile; fileRef = 9B20B7CE135CCB4200E53138 /* CCArray.m */; };
		9B20B7D3135CCB4200E53138 /* CCFileUtils.m in Sources */ = {isa = PBXBuildFile; fileRef = 9B20B7D2135CCB4200E53138 /* CCFileUtils.m */; };
		9B20B7D6135CCB4200E53138 /* CCProfiling.m in Sources */ = {isa = PBXBuildFile; fileRef = 9B20B7D5135CCB4200E53138 /* CCProfiling.m */; };
		9B20B7D8135CCB4200E53138 /* ccUtils.c in Sources */ = {isa = PBXBuildFile; fileRef = 9B20B7D7135CCB4200E53138 /* ccUtils.c */; };
		9B20B7DC135CCB4200E53138 /* CGPointExtension.m in Sources */ = {isa = PBXBuildFile; fileRef = 9B20B7DB135CCB4200E53138 /* CGPointExtension.m */; };
		9B20B7E0135CCB4200E53138 /* TGAlib.m in Sources */ = {isa = PBXBuildFile; fileRef = 9B20B7DF135CCB4200E53138 /* TGAlib.m */; };
		9B20B7E3135CCB4200E53138 /* TransformUtils.m in Sources */ = {isa = PBXBuildFile; fileRef = 9B20B7E2135CCB4200E53138 /* TransformUtils.m */; };
		9B20B7E8135CCB4200E53138 /* ZipUtils.m in Sources */ = {isa = PBXBuildFile; fileRef = 9B20B7E7135CCB4200E53138 /* ZipUtils.m */; };
		9B20B7ED135CCB4200E53138 /* main.m in Sources */ = {isa = PBXBuildFile; fileRef = 9B20B7EC135CCB4200E53138 /* main.m */; };
		9B20B7F0135CCB4200E53138 /* AppDelegate.m in Sources */ = {isa = PBXBuildFile; fileRef = 9B20B7EF135CCB4200E53138 /* AppDelegate.m */; };
		9B20B7F3135CCB4200E53138 /* HelloWorldLayer.m in Sources */ = {isa = PBXBuildFile; fileRef = 9B20B7F2135CCB4200E53138 /* HelloWorldLayer.m */; };
		9B20B7FB135CCBBC00E53138 /* Floresta.m in Sources */ = {isa = PBXBuildFile; fileRef = 9B20B7FA135CCBBC00E53138 /* Floresta.m */; };
		9B25A11F135DF17A00522BE8 /* Cobra.m in Sources */ = {isa = PBXBuildFile; fileRef = 9B25A11E135DF17A00522BE8 /* Cobra.m */; };
		9B25A125135E199D00522BE8 /* explorador.png in Resources */ = {isa = PBXBuildFile; fileRef = 9B25A124135E199D00522BE8 /* explorador.png */; };
		9B25A128135E1B1000522BE8 /* mato.png in Resources */ = {isa = PBXBuildFile; fileRef = 9B25A126135E1B1000522BE8 /* mato.png */; };
		9B25A129135E1B1000522BE8 /* perigo.png in Resources */ = {isa = PBXBuildFile; fileRef = 9B25A127135E1B1000522BE8 /* perigo.png */; };
		9B2F701F136E13E10018DAB4 /* GameOverScene.m in Sources */ = {isa = PBXBuildFile; fileRef = 9B2F701E136E13E10018DAB4 /* GameOverScene.m */; };
		9B2F7023136E19370018DAB4 /* Cidade.m in Sources */ = {isa = PBXBuildFile; fileRef = 9B2F7022136E19370018DAB4 /* Cidade.m */; };
		9B2F7025136E1AE40018DAB4 /* cidade.png in Resources */ = {isa = PBXBuildFile; fileRef = 9B2F7024136E1AE40018DAB4 /* cidade.png */; };
		9B512D2D136B35C40064F84E /* sapo.png in Resources */ = {isa = PBXBuildFile; fileRef = 9B512D2C136B35C40064F84E /* sapo.png */; };
		9B512D30136B37A80064F84E /* leao.png in Resources */ = {isa = PBXBuildFile; fileRef = 9B512D2F136B37A80064F84E /* leao.png */; };
		9B512D32136B50A20064F84E /* heart.png in Resources */ = {isa = PBXBuildFile; fileRef = 9B512D31136B50A20064F84E /* heart.png */; };
		9B51B2A5136D9DBE00CAE9EE /* Danakilia.m in Sources */ = {isa = PBXBuildFile; fileRef = 9B51B299136D9DBE00CAE9EE /* Danakilia.m */; };
		9B51B2A6136D9DBE00CAE9EE /* Jaguatirica.m in Sources */ = {isa = PBXBuildFile; fileRef = 9B51B29B136D9DBE00CAE9EE /* Jaguatirica.m */; };
		9B51B2A7136D9DBE00CAE9EE /* Manga.m in Sources */ = {isa = PBXBuildFile; fileRef = 9B51B29D136D9DBE00CAE9EE /* Manga.m */; };
		9B51B2A8136D9DBE00CAE9EE /* Marula.m in Sources */ = {isa = PBXBuildFile; fileRef = 9B51B29F136D9DBE00CAE9EE /* Marula.m */; };
		9B51B2A9136D9DBE00CAE9EE /* Piranha.m in Sources */ = {isa = PBXBuildFile; fileRef = 9B51B2A1136D9DBE00CAE9EE /* Piranha.m */; };
		9B51B2AA136D9DBE00CAE9EE /* Tambaqui.m in Sources */ = {isa = PBXBuildFile; fileRef = 9B51B2A3136D9DBE00CAE9EE /* Tambaqui.m */; };
		9B66E8B5136DE868007F7626 /* ViuvaNegra.m in Sources */ = {isa = PBXBuildFile; fileRef = 9B66E8B4136DE868007F7626 /* ViuvaNegra.m */; };
		9B66E8BA136DE888007F7626 /* Tarantula.m in Sources */ = {isa = PBXBuildFile; fileRef = 9B66E8B9136DE888007F7626 /* Tarantula.m */; };
		9B66E8BD136DE8B3007F7626 /* Naja.m in Sources */ = {isa = PBXBuildFile; fileRef = 9B66E8BC136DE8B3007F7626 /* Naja.m */; };
		9B66E8C0136DE8DE007F7626 /* Hiena.m in Sources */ = {isa = PBXBuildFile; fileRef = 9B66E8BF136DE8DE007F7626 /* Hiena.m */; };
		9B66E8C5136DE91C007F7626 /* Kiwano.m in Sources */ = {isa = PBXBuildFile; fileRef = 9B66E8C2136DE91C007F7626 /* Kiwano.m */; };
		9B66E8C6136DE91C007F7626 /* NoemNoem.m in Sources */ = {isa = PBXBuildFile; fileRef = 9B66E8C4136DE91C007F7626 /* NoemNoem.m */; };
		9B66E8C9136DEBC8007F7626 /* Cupuacu.m in Sources */ = {isa = PBXBuildFile; fileRef = 9B66E8C8136DEBC8007F7626 /* Cupuacu.m */; };
		9B66E8CB136DEE3E007F7626 /* cupuacu.png in Resources */ = {isa = PBXBuildFile; fileRef = 9B66E8CA136DEE3E007F7626 /* cupuacu.png */; };
		9B66E8CD136DF019007F7626 /* manga.png in Resources */ = {isa = PBXBuildFile; fileRef = 9B66E8CC136DF019007F7626 /* manga.png */; };
		9B66E8CF136DF1AC007F7626 /* jaguatirica.png in Resources */ = {isa = PBXBuildFile; fileRef = 9B66E8CE136DF1AC007F7626 /* jaguatirica.png */; };
		9B66E8D1136DF22B007F7626 /* piranha.png in Resources */ = {isa = PBXBuildFile; fileRef = 9B66E8D0136DF22B007F7626 /* piranha.png */; };
		9B66E8D3136DF2B1007F7626 /* tambaqui.png in Resources */ = {isa = PBXBuildFile; fileRef = 9B66E8D2136DF2B1007F7626 /* tambaqui.png */; };
		9B66E8D5136DF9FF007F7626 /* escorpiao.png in Resources */ = {isa = PBXBuildFile; fileRef = 9B66E8D4136DF9FF007F7626 /* escorpiao.png */; };
		9B66E8D7136E065B007F7626 /* caranguejeira.png in Resources */ = {isa = PBXBuildFile; fileRef = 9B66E8D6136E065B007F7626 /* caranguejeira.png */; };
		9B759B3B135FD097000CCD47 /* Explorador.m in Sources */ = {isa = PBXBuildFile; fileRef = 9B759B38135FD097000CCD47 /* Explorador.m */; };
		9B759B3C135FD097000CCD47 /* Mato.m in Sources */ = {isa = PBXBuildFile; fileRef = 9B759B3A135FD097000CCD47 /* Mato.m */; };
		9B75FD3713699F370092AE05 /* Sapo.m in Sources */ = {isa = PBXBuildFile; fileRef = 9B75FD3613699F370092AE05 /* Sapo.m */; };
		9B75FD3B1369A35A0092AE05 /* Leao.m in Sources */ = {isa = PBXBuildFile; fileRef = 9B75FD3A1369A35A0092AE05 /* Leao.m */; };
		9B7BA432136DE62800BD1418 /* AranhaCaran.m in Sources */ = {isa = PBXBuildFile; fileRef = 9B7BA42D136DE62800BD1418 /* AranhaCaran.m */; };
		9B7BA433136DE62800BD1418 /* Escorpiao.m in Sources */ = {isa = PBXBuildFile; fileRef = 9B7BA42F136DE62800BD1418 /* Escorpiao.m */; };
		9B7BA434136DE62800BD1418 /* Ra.m in Sources */ = {isa = PBXBuildFile; fileRef = 9B7BA431136DE62800BD1418 /* Ra.m */; };
/* End PBXBuildFile section */

/* Begin PBXFileReference section */
		9B20B6DB135CCB4100E53138 /* NoSoEnchantedForest.app */ = {isa = PBXFileReference; explicitFileType = wrapper.application; includeInIndex = 0; path = NoSoEnchantedForest.app; sourceTree = BUILT_PRODUCTS_DIR; };
		9B20B6DF135CCB4100E53138 /* QuartzCore.framework */ = {isa = PBXFileReference; lastKnownFileType = wrapper.framework; name = QuartzCore.framework; path = System/Library/Frameworks/QuartzCore.framework; sourceTree = SDKROOT; };
		9B20B6E1135CCB4100E53138 /* OpenGL.framework */ = {isa = PBXFileReference; lastKnownFileType = wrapper.framework; name = OpenGL.framework; path = System/Library/Frameworks/OpenGL.framework; sourceTree = SDKROOT; };
		9B20B6E3135CCB4100E53138 /* OpenAL.framework */ = {isa = PBXFileReference; lastKnownFileType = wrapper.framework; name = OpenAL.framework; path = System/Library/Frameworks/OpenAL.framework; sourceTree = SDKROOT; };
		9B20B6E5135CCB4100E53138 /* AudioToolbox.framework */ = {isa = PBXFileReference; lastKnownFileType = wrapper.framework; name = AudioToolbox.framework; path = System/Library/Frameworks/AudioToolbox.framework; sourceTree = SDKROOT; };
		9B20B6E7135CCB4100E53138 /* AppKit.framework */ = {isa = PBXFileReference; lastKnownFileType = wrapper.framework; name = AppKit.framework; path = System/Library/Frameworks/AppKit.framework; sourceTree = SDKROOT; };
		9B20B6E9135CCB4100E53138 /* Foundation.framework */ = {isa = PBXFileReference; lastKnownFileType = wrapper.framework; name = Foundation.framework; path = System/Library/Frameworks/Foundation.framework; sourceTree = SDKROOT; };
		9B20B6EE135CCB4100E53138 /* English */ = {isa = PBXFileReference; lastKnownFileType = text.plist.strings; name = English; path = Resources/English.lproj/InfoPlist.strings; sourceTree = "<group>"; };
		9B20B6F1135CCB4100E53138 /* English */ = {isa = PBXFileReference; lastKnownFileType = file.xib; name = English; path = Resources/English.lproj/MainMenu.xib; sourceTree = "<group>"; };
		9B20B6F3135CCB4100E53138 /* fps_images.png */ = {isa = PBXFileReference; lastKnownFileType = image.png; name = fps_images.png; path = Resources/fps_images.png; sourceTree = "<group>"; };
		9B20B6F5135CCB4100E53138 /* icon.icns */ = {isa = PBXFileReference; lastKnownFileType = image.icns; name = icon.icns; path = Resources/icon.icns; sourceTree = "<group>"; };
		9B20B6F7135CCB4100E53138 /* Info.plist */ = {isa = PBXFileReference; lastKnownFileType = text.plist.xml; name = Info.plist; path = Resources/Info.plist; sourceTree = "<group>"; };
		9B20B6F9135CCB4100E53138 /* CCAction.h */ = {isa = PBXFileReference; lastKnownFileType = sourcecode.c.h; name = CCAction.h; path = libs/cocos2d/CCAction.h; sourceTree = "<group>"; };
		9B20B6FA135CCB4100E53138 /* CCAction.m */ = {isa = PBXFileReference; lastKnownFileType = sourcecode.c.objc; name = CCAction.m; path = libs/cocos2d/CCAction.m; sourceTree = "<group>"; };
		9B20B6FC135CCB4100E53138 /* CCActionCamera.h */ = {isa = PBXFileReference; lastKnownFileType = sourcecode.c.h; name = CCActionCamera.h; path = libs/cocos2d/CCActionCamera.h; sourceTree = "<group>"; };
		9B20B6FD135CCB4100E53138 /* CCActionCamera.m */ = {isa = PBXFileReference; lastKnownFileType = sourcecode.c.objc; name = CCActionCamera.m; path = libs/cocos2d/CCActionCamera.m; sourceTree = "<group>"; };
		9B20B6FF135CCB4100E53138 /* CCActionEase.h */ = {isa = PBXFileReference; lastKnownFileType = sourcecode.c.h; name = CCActionEase.h; path = libs/cocos2d/CCActionEase.h; sourceTree = "<group>"; };
		9B20B700135CCB4100E53138 /* CCActionEase.m */ = {isa = PBXFileReference; lastKnownFileType = sourcecode.c.objc; name = CCActionEase.m; path = libs/cocos2d/CCActionEase.m; sourceTree = "<group>"; };
		9B20B702135CCB4100E53138 /* CCActionGrid.h */ = {isa = PBXFileReference; lastKnownFileType = sourcecode.c.h; name = CCActionGrid.h; path = libs/cocos2d/CCActionGrid.h; sourceTree = "<group>"; };
		9B20B703135CCB4100E53138 /* CCActionGrid.m */ = {isa = PBXFileReference; lastKnownFileType = sourcecode.c.objc; name = CCActionGrid.m; path = libs/cocos2d/CCActionGrid.m; sourceTree = "<group>"; };
		9B20B705135CCB4100E53138 /* CCActionGrid3D.h */ = {isa = PBXFileReference; lastKnownFileType = sourcecode.c.h; name = CCActionGrid3D.h; path = libs/cocos2d/CCActionGrid3D.h; sourceTree = "<group>"; };
		9B20B706135CCB4100E53138 /* CCActionGrid3D.m */ = {isa = PBXFileReference; lastKnownFileType = sourcecode.c.objc; name = CCActionGrid3D.m; path = libs/cocos2d/CCActionGrid3D.m; sourceTree = "<group>"; };
		9B20B708135CCB4100E53138 /* CCActionInstant.h */ = {isa = PBXFileReference; lastKnownFileType = sourcecode.c.h; name = CCActionInstant.h; path = libs/cocos2d/CCActionInstant.h; sourceTree = "<group>"; };
		9B20B709135CCB4100E53138 /* CCActionInstant.m */ = {isa = PBXFileReference; lastKnownFileType = sourcecode.c.objc; name = CCActionInstant.m; path = libs/cocos2d/CCActionInstant.m; sourceTree = "<group>"; };
		9B20B70B135CCB4100E53138 /* CCActionInterval.h */ = {isa = PBXFileReference; lastKnownFileType = sourcecode.c.h; name = CCActionInterval.h; path = libs/cocos2d/CCActionInterval.h; sourceTree = "<group>"; };
		9B20B70C135CCB4100E53138 /* CCActionInterval.m */ = {isa = PBXFileReference; lastKnownFileType = sourcecode.c.objc; name = CCActionInterval.m; path = libs/cocos2d/CCActionInterval.m; sourceTree = "<group>"; };
		9B20B70E135CCB4100E53138 /* CCActionManager.h */ = {isa = PBXFileReference; lastKnownFileType = sourcecode.c.h; name = CCActionManager.h; path = libs/cocos2d/CCActionManager.h; sourceTree = "<group>"; };
		9B20B70F135CCB4100E53138 /* CCActionManager.m */ = {isa = PBXFileReference; lastKnownFileType = sourcecode.c.objc; name = CCActionManager.m; path = libs/cocos2d/CCActionManager.m; sourceTree = "<group>"; };
		9B20B711135CCB4100E53138 /* CCActionPageTurn3D.h */ = {isa = PBXFileReference; lastKnownFileType = sourcecode.c.h; name = CCActionPageTurn3D.h; path = libs/cocos2d/CCActionPageTurn3D.h; sourceTree = "<group>"; };
		9B20B712135CCB4100E53138 /* CCActionPageTurn3D.m */ = {isa = PBXFileReference; lastKnownFileType = sourcecode.c.objc; name = CCActionPageTurn3D.m; path = libs/cocos2d/CCActionPageTurn3D.m; sourceTree = "<group>"; };
		9B20B714135CCB4100E53138 /* CCActionProgressTimer.h */ = {isa = PBXFileReference; lastKnownFileType = sourcecode.c.h; name = CCActionProgressTimer.h; path = libs/cocos2d/CCActionProgressTimer.h; sourceTree = "<group>"; };
		9B20B715135CCB4100E53138 /* CCActionProgressTimer.m */ = {isa = PBXFileReference; lastKnownFileType = sourcecode.c.objc; name = CCActionProgressTimer.m; path = libs/cocos2d/CCActionProgressTimer.m; sourceTree = "<group>"; };
		9B20B717135CCB4100E53138 /* CCActionTiledGrid.h */ = {isa = PBXFileReference; lastKnownFileType = sourcecode.c.h; name = CCActionTiledGrid.h; path = libs/cocos2d/CCActionTiledGrid.h; sourceTree = "<group>"; };
		9B20B718135CCB4100E53138 /* CCActionTiledGrid.m */ = {isa = PBXFileReference; lastKnownFileType = sourcecode.c.objc; name = CCActionTiledGrid.m; path = libs/cocos2d/CCActionTiledGrid.m; sourceTree = "<group>"; };
		9B20B71A135CCB4100E53138 /* CCActionTween.h */ = {isa = PBXFileReference; lastKnownFileType = sourcecode.c.h; name = CCActionTween.h; path = libs/cocos2d/CCActionTween.h; sourceTree = "<group>"; };
		9B20B71B135CCB4100E53138 /* CCActionTween.m */ = {isa = PBXFileReference; lastKnownFileType = sourcecode.c.objc; name = CCActionTween.m; path = libs/cocos2d/CCActionTween.m; sourceTree = "<group>"; };
		9B20B71D135CCB4100E53138 /* CCAnimation.h */ = {isa = PBXFileReference; lastKnownFileType = sourcecode.c.h; name = CCAnimation.h; path = libs/cocos2d/CCAnimation.h; sourceTree = "<group>"; };
		9B20B71E135CCB4100E53138 /* CCAnimation.m */ = {isa = PBXFileReference; lastKnownFileType = sourcecode.c.objc; name = CCAnimation.m; path = libs/cocos2d/CCAnimation.m; sourceTree = "<group>"; };
		9B20B720135CCB4100E53138 /* CCAnimationCache.h */ = {isa = PBXFileReference; lastKnownFileType = sourcecode.c.h; name = CCAnimationCache.h; path = libs/cocos2d/CCAnimationCache.h; sourceTree = "<group>"; };
		9B20B721135CCB4100E53138 /* CCAnimationCache.m */ = {isa = PBXFileReference; lastKnownFileType = sourcecode.c.objc; name = CCAnimationCache.m; path = libs/cocos2d/CCAnimationCache.m; sourceTree = "<group>"; };
		9B20B723135CCB4100E53138 /* CCAtlasNode.h */ = {isa = PBXFileReference; lastKnownFileType = sourcecode.c.h; name = CCAtlasNode.h; path = libs/cocos2d/CCAtlasNode.h; sourceTree = "<group>"; };
		9B20B724135CCB4100E53138 /* CCAtlasNode.m */ = {isa = PBXFileReference; lastKnownFileType = sourcecode.c.objc; name = CCAtlasNode.m; path = libs/cocos2d/CCAtlasNode.m; sourceTree = "<group>"; };
		9B20B726135CCB4100E53138 /* CCBlockSupport.h */ = {isa = PBXFileReference; lastKnownFileType = sourcecode.c.h; name = CCBlockSupport.h; path = libs/cocos2d/CCBlockSupport.h; sourceTree = "<group>"; };
		9B20B727135CCB4100E53138 /* CCBlockSupport.m */ = {isa = PBXFileReference; lastKnownFileType = sourcecode.c.objc; name = CCBlockSupport.m; path = libs/cocos2d/CCBlockSupport.m; sourceTree = "<group>"; };
		9B20B729135CCB4100E53138 /* CCCamera.h */ = {isa = PBXFileReference; lastKnownFileType = sourcecode.c.h; name = CCCamera.h; path = libs/cocos2d/CCCamera.h; sourceTree = "<group>"; };
		9B20B72A135CCB4100E53138 /* CCCamera.m */ = {isa = PBXFileReference; lastKnownFileType = sourcecode.c.objc; name = CCCamera.m; path = libs/cocos2d/CCCamera.m; sourceTree = "<group>"; };
		9B20B72C135CCB4100E53138 /* ccConfig.h */ = {isa = PBXFileReference; lastKnownFileType = sourcecode.c.h; name = ccConfig.h; path = libs/cocos2d/ccConfig.h; sourceTree = "<group>"; };
		9B20B72D135CCB4100E53138 /* CCConfiguration.h */ = {isa = PBXFileReference; lastKnownFileType = sourcecode.c.h; name = CCConfiguration.h; path = libs/cocos2d/CCConfiguration.h; sourceTree = "<group>"; };
		9B20B72E135CCB4100E53138 /* CCConfiguration.m */ = {isa = PBXFileReference; lastKnownFileType = sourcecode.c.objc; name = CCConfiguration.m; path = libs/cocos2d/CCConfiguration.m; sourceTree = "<group>"; };
		9B20B730135CCB4100E53138 /* CCDirector.h */ = {isa = PBXFileReference; lastKnownFileType = sourcecode.c.h; name = CCDirector.h; path = libs/cocos2d/CCDirector.h; sourceTree = "<group>"; };
		9B20B731135CCB4100E53138 /* CCDirector.m */ = {isa = PBXFileReference; lastKnownFileType = sourcecode.c.objc; name = CCDirector.m; path = libs/cocos2d/CCDirector.m; sourceTree = "<group>"; };
		9B20B733135CCB4100E53138 /* CCDrawingPrimitives.h */ = {isa = PBXFileReference; lastKnownFileType = sourcecode.c.h; name = CCDrawingPrimitives.h; path = libs/cocos2d/CCDrawingPrimitives.h; sourceTree = "<group>"; };
		9B20B734135CCB4100E53138 /* CCDrawingPrimitives.m */ = {isa = PBXFileReference; lastKnownFileType = sourcecode.c.objc; name = CCDrawingPrimitives.m; path = libs/cocos2d/CCDrawingPrimitives.m; sourceTree = "<group>"; };
		9B20B736135CCB4100E53138 /* CCGrabber.h */ = {isa = PBXFileReference; lastKnownFileType = sourcecode.c.h; name = CCGrabber.h; path = libs/cocos2d/CCGrabber.h; sourceTree = "<group>"; };
		9B20B737135CCB4100E53138 /* CCGrabber.m */ = {isa = PBXFileReference; lastKnownFileType = sourcecode.c.objc; name = CCGrabber.m; path = libs/cocos2d/CCGrabber.m; sourceTree = "<group>"; };
		9B20B739135CCB4100E53138 /* CCGrid.h */ = {isa = PBXFileReference; lastKnownFileType = sourcecode.c.h; name = CCGrid.h; path = libs/cocos2d/CCGrid.h; sourceTree = "<group>"; };
		9B20B73A135CCB4100E53138 /* CCGrid.m */ = {isa = PBXFileReference; lastKnownFileType = sourcecode.c.objc; name = CCGrid.m; path = libs/cocos2d/CCGrid.m; sourceTree = "<group>"; };
		9B20B73C135CCB4100E53138 /* CCLabelAtlas.h */ = {isa = PBXFileReference; lastKnownFileType = sourcecode.c.h; name = CCLabelAtlas.h; path = libs/cocos2d/CCLabelAtlas.h; sourceTree = "<group>"; };
		9B20B73D135CCB4100E53138 /* CCLabelAtlas.m */ = {isa = PBXFileReference; lastKnownFileType = sourcecode.c.objc; name = CCLabelAtlas.m; path = libs/cocos2d/CCLabelAtlas.m; sourceTree = "<group>"; };
		9B20B73F135CCB4100E53138 /* CCLabelBMFont.h */ = {isa = PBXFileReference; lastKnownFileType = sourcecode.c.h; name = CCLabelBMFont.h; path = libs/cocos2d/CCLabelBMFont.h; sourceTree = "<group>"; };
		9B20B740135CCB4100E53138 /* CCLabelBMFont.m */ = {isa = PBXFileReference; lastKnownFileType = sourcecode.c.objc; name = CCLabelBMFont.m; path = libs/cocos2d/CCLabelBMFont.m; sourceTree = "<group>"; };
		9B20B742135CCB4100E53138 /* CCLabelTTF.h */ = {isa = PBXFileReference; lastKnownFileType = sourcecode.c.h; name = CCLabelTTF.h; path = libs/cocos2d/CCLabelTTF.h; sourceTree = "<group>"; };
		9B20B743135CCB4100E53138 /* CCLabelTTF.m */ = {isa = PBXFileReference; lastKnownFileType = sourcecode.c.objc; name = CCLabelTTF.m; path = libs/cocos2d/CCLabelTTF.m; sourceTree = "<group>"; };
		9B20B745135CCB4200E53138 /* CCLayer.h */ = {isa = PBXFileReference; lastKnownFileType = sourcecode.c.h; name = CCLayer.h; path = libs/cocos2d/CCLayer.h; sourceTree = "<group>"; };
		9B20B746135CCB4200E53138 /* CCLayer.m */ = {isa = PBXFileReference; lastKnownFileType = sourcecode.c.objc; name = CCLayer.m; path = libs/cocos2d/CCLayer.m; sourceTree = "<group>"; };
		9B20B748135CCB4200E53138 /* ccMacros.h */ = {isa = PBXFileReference; lastKnownFileType = sourcecode.c.h; name = ccMacros.h; path = libs/cocos2d/ccMacros.h; sourceTree = "<group>"; };
		9B20B749135CCB4200E53138 /* CCMenu.h */ = {isa = PBXFileReference; lastKnownFileType = sourcecode.c.h; name = CCMenu.h; path = libs/cocos2d/CCMenu.h; sourceTree = "<group>"; };
		9B20B74A135CCB4200E53138 /* CCMenu.m */ = {isa = PBXFileReference; lastKnownFileType = sourcecode.c.objc; name = CCMenu.m; path = libs/cocos2d/CCMenu.m; sourceTree = "<group>"; };
		9B20B74C135CCB4200E53138 /* CCMenuItem.h */ = {isa = PBXFileReference; lastKnownFileType = sourcecode.c.h; name = CCMenuItem.h; path = libs/cocos2d/CCMenuItem.h; sourceTree = "<group>"; };
		9B20B74D135CCB4200E53138 /* CCMenuItem.m */ = {isa = PBXFileReference; lastKnownFileType = sourcecode.c.objc; name = CCMenuItem.m; path = libs/cocos2d/CCMenuItem.m; sourceTree = "<group>"; };
		9B20B74F135CCB4200E53138 /* CCMotionStreak.h */ = {isa = PBXFileReference; lastKnownFileType = sourcecode.c.h; name = CCMotionStreak.h; path = libs/cocos2d/CCMotionStreak.h; sourceTree = "<group>"; };
		9B20B750135CCB4200E53138 /* CCMotionStreak.m */ = {isa = PBXFileReference; lastKnownFileType = sourcecode.c.objc; name = CCMotionStreak.m; path = libs/cocos2d/CCMotionStreak.m; sourceTree = "<group>"; };
		9B20B752135CCB4200E53138 /* CCNode.h */ = {isa = PBXFileReference; lastKnownFileType = sourcecode.c.h; name = CCNode.h; path = libs/cocos2d/CCNode.h; sourceTree = "<group>"; };
		9B20B753135CCB4200E53138 /* CCNode.m */ = {isa = PBXFileReference; lastKnownFileType = sourcecode.c.objc; name = CCNode.m; path = libs/cocos2d/CCNode.m; sourceTree = "<group>"; };
		9B20B755135CCB4200E53138 /* CCParallaxNode.h */ = {isa = PBXFileReference; lastKnownFileType = sourcecode.c.h; name = CCParallaxNode.h; path = libs/cocos2d/CCParallaxNode.h; sourceTree = "<group>"; };
		9B20B756135CCB4200E53138 /* CCParallaxNode.m */ = {isa = PBXFileReference; lastKnownFileType = sourcecode.c.objc; name = CCParallaxNode.m; path = libs/cocos2d/CCParallaxNode.m; sourceTree = "<group>"; };
		9B20B758135CCB4200E53138 /* CCParticleExamples.h */ = {isa = PBXFileReference; lastKnownFileType = sourcecode.c.h; name = CCParticleExamples.h; path = libs/cocos2d/CCParticleExamples.h; sourceTree = "<group>"; };
		9B20B759135CCB4200E53138 /* CCParticleExamples.m */ = {isa = PBXFileReference; lastKnownFileType = sourcecode.c.objc; name = CCParticleExamples.m; path = libs/cocos2d/CCParticleExamples.m; sourceTree = "<group>"; };
		9B20B75B135CCB4200E53138 /* CCParticleSystem.h */ = {isa = PBXFileReference; lastKnownFileType = sourcecode.c.h; name = CCParticleSystem.h; path = libs/cocos2d/CCParticleSystem.h; sourceTree = "<group>"; };
		9B20B75C135CCB4200E53138 /* CCParticleSystem.m */ = {isa = PBXFileReference; lastKnownFileType = sourcecode.c.objc; name = CCParticleSystem.m; path = libs/cocos2d/CCParticleSystem.m; sourceTree = "<group>"; };
		9B20B75E135CCB4200E53138 /* CCParticleSystemPoint.h */ = {isa = PBXFileReference; lastKnownFileType = sourcecode.c.h; name = CCParticleSystemPoint.h; path = libs/cocos2d/CCParticleSystemPoint.h; sourceTree = "<group>"; };
		9B20B75F135CCB4200E53138 /* CCParticleSystemPoint.m */ = {isa = PBXFileReference; lastKnownFileType = sourcecode.c.objc; name = CCParticleSystemPoint.m; path = libs/cocos2d/CCParticleSystemPoint.m; sourceTree = "<group>"; };
		9B20B761135CCB4200E53138 /* CCParticleSystemQuad.h */ = {isa = PBXFileReference; lastKnownFileType = sourcecode.c.h; name = CCParticleSystemQuad.h; path = libs/cocos2d/CCParticleSystemQuad.h; sourceTree = "<group>"; };
		9B20B762135CCB4200E53138 /* CCParticleSystemQuad.m */ = {isa = PBXFileReference; lastKnownFileType = sourcecode.c.objc; name = CCParticleSystemQuad.m; path = libs/cocos2d/CCParticleSystemQuad.m; sourceTree = "<group>"; };
		9B20B764135CCB4200E53138 /* CCProgressTimer.h */ = {isa = PBXFileReference; lastKnownFileType = sourcecode.c.h; name = CCProgressTimer.h; path = libs/cocos2d/CCProgressTimer.h; sourceTree = "<group>"; };
		9B20B765135CCB4200E53138 /* CCProgressTimer.m */ = {isa = PBXFileReference; lastKnownFileType = sourcecode.c.objc; name = CCProgressTimer.m; path = libs/cocos2d/CCProgressTimer.m; sourceTree = "<group>"; };
		9B20B767135CCB4200E53138 /* CCProtocols.h */ = {isa = PBXFileReference; lastKnownFileType = sourcecode.c.h; name = CCProtocols.h; path = libs/cocos2d/CCProtocols.h; sourceTree = "<group>"; };
		9B20B768135CCB4200E53138 /* CCRenderTexture.h */ = {isa = PBXFileReference; lastKnownFileType = sourcecode.c.h; name = CCRenderTexture.h; path = libs/cocos2d/CCRenderTexture.h; sourceTree = "<group>"; };
		9B20B769135CCB4200E53138 /* CCRenderTexture.m */ = {isa = PBXFileReference; lastKnownFileType = sourcecode.c.objc; name = CCRenderTexture.m; path = libs/cocos2d/CCRenderTexture.m; sourceTree = "<group>"; };
		9B20B76B135CCB4200E53138 /* CCRibbon.h */ = {isa = PBXFileReference; lastKnownFileType = sourcecode.c.h; name = CCRibbon.h; path = libs/cocos2d/CCRibbon.h; sourceTree = "<group>"; };
		9B20B76C135CCB4200E53138 /* CCRibbon.m */ = {isa = PBXFileReference; lastKnownFileType = sourcecode.c.objc; name = CCRibbon.m; path = libs/cocos2d/CCRibbon.m; sourceTree = "<group>"; };
		9B20B76E135CCB4200E53138 /* CCScene.h */ = {isa = PBXFileReference; lastKnownFileType = sourcecode.c.h; name = CCScene.h; path = libs/cocos2d/CCScene.h; sourceTree = "<group>"; };
		9B20B76F135CCB4200E53138 /* CCScene.m */ = {isa = PBXFileReference; lastKnownFileType = sourcecode.c.objc; name = CCScene.m; path = libs/cocos2d/CCScene.m; sourceTree = "<group>"; };
		9B20B771135CCB4200E53138 /* CCScheduler.h */ = {isa = PBXFileReference; lastKnownFileType = sourcecode.c.h; name = CCScheduler.h; path = libs/cocos2d/CCScheduler.h; sourceTree = "<group>"; };
		9B20B772135CCB4200E53138 /* CCScheduler.m */ = {isa = PBXFileReference; lastKnownFileType = sourcecode.c.objc; name = CCScheduler.m; path = libs/cocos2d/CCScheduler.m; sourceTree = "<group>"; };
		9B20B774135CCB4200E53138 /* CCSprite.h */ = {isa = PBXFileReference; lastKnownFileType = sourcecode.c.h; name = CCSprite.h; path = libs/cocos2d/CCSprite.h; sourceTree = "<group>"; };
		9B20B775135CCB4200E53138 /* CCSprite.m */ = {isa = PBXFileReference; lastKnownFileType = sourcecode.c.objc; name = CCSprite.m; path = libs/cocos2d/CCSprite.m; sourceTree = "<group>"; };
		9B20B777135CCB4200E53138 /* CCSpriteBatchNode.h */ = {isa = PBXFileReference; lastKnownFileType = sourcecode.c.h; name = CCSpriteBatchNode.h; path = libs/cocos2d/CCSpriteBatchNode.h; sourceTree = "<group>"; };
		9B20B778135CCB4200E53138 /* CCSpriteBatchNode.m */ = {isa = PBXFileReference; lastKnownFileType = sourcecode.c.objc; name = CCSpriteBatchNode.m; path = libs/cocos2d/CCSpriteBatchNode.m; sourceTree = "<group>"; };
		9B20B77A135CCB4200E53138 /* CCSpriteFrame.h */ = {isa = PBXFileReference; lastKnownFileType = sourcecode.c.h; name = CCSpriteFrame.h; path = libs/cocos2d/CCSpriteFrame.h; sourceTree = "<group>"; };
		9B20B77B135CCB4200E53138 /* CCSpriteFrame.m */ = {isa = PBXFileReference; lastKnownFileType = sourcecode.c.objc; name = CCSpriteFrame.m; path = libs/cocos2d/CCSpriteFrame.m; sourceTree = "<group>"; };
		9B20B77D135CCB4200E53138 /* CCSpriteFrameCache.h */ = {isa = PBXFileReference; lastKnownFileType = sourcecode.c.h; name = CCSpriteFrameCache.h; path = libs/cocos2d/CCSpriteFrameCache.h; sourceTree = "<group>"; };
		9B20B77E135CCB4200E53138 /* CCSpriteFrameCache.m */ = {isa = PBXFileReference; lastKnownFileType = sourcecode.c.objc; name = CCSpriteFrameCache.m; path = libs/cocos2d/CCSpriteFrameCache.m; sourceTree = "<group>"; };
		9B20B780135CCB4200E53138 /* CCTexture2D.h */ = {isa = PBXFileReference; lastKnownFileType = sourcecode.c.h; name = CCTexture2D.h; path = libs/cocos2d/CCTexture2D.h; sourceTree = "<group>"; };
		9B20B781135CCB4200E53138 /* CCTexture2D.m */ = {isa = PBXFileReference; lastKnownFileType = sourcecode.c.objc; name = CCTexture2D.m; path = libs/cocos2d/CCTexture2D.m; sourceTree = "<group>"; };
		9B20B783135CCB4200E53138 /* CCTextureAtlas.h */ = {isa = PBXFileReference; lastKnownFileType = sourcecode.c.h; name = CCTextureAtlas.h; path = libs/cocos2d/CCTextureAtlas.h; sourceTree = "<group>"; };
		9B20B784135CCB4200E53138 /* CCTextureAtlas.m */ = {isa = PBXFileReference; lastKnownFileType = sourcecode.c.objc; name = CCTextureAtlas.m; path = libs/cocos2d/CCTextureAtlas.m; sourceTree = "<group>"; };
		9B20B786135CCB4200E53138 /* CCTextureCache.h */ = {isa = PBXFileReference; lastKnownFileType = sourcecode.c.h; name = CCTextureCache.h; path = libs/cocos2d/CCTextureCache.h; sourceTree = "<group>"; };
		9B20B787135CCB4200E53138 /* CCTextureCache.m */ = {isa = PBXFileReference; lastKnownFileType = sourcecode.c.objc; name = CCTextureCache.m; path = libs/cocos2d/CCTextureCache.m; sourceTree = "<group>"; };
		9B20B789135CCB4200E53138 /* CCTexturePVR.h */ = {isa = PBXFileReference; lastKnownFileType = sourcecode.c.h; name = CCTexturePVR.h; path = libs/cocos2d/CCTexturePVR.h; sourceTree = "<group>"; };
		9B20B78A135CCB4200E53138 /* CCTexturePVR.m */ = {isa = PBXFileReference; lastKnownFileType = sourcecode.c.objc; name = CCTexturePVR.m; path = libs/cocos2d/CCTexturePVR.m; sourceTree = "<group>"; };
		9B20B78C135CCB4200E53138 /* CCTileMapAtlas.h */ = {isa = PBXFileReference; lastKnownFileType = sourcecode.c.h; name = CCTileMapAtlas.h; path = libs/cocos2d/CCTileMapAtlas.h; sourceTree = "<group>"; };
		9B20B78D135CCB4200E53138 /* CCTileMapAtlas.m */ = {isa = PBXFileReference; lastKnownFileType = sourcecode.c.objc; name = CCTileMapAtlas.m; path = libs/cocos2d/CCTileMapAtlas.m; sourceTree = "<group>"; };
		9B20B78F135CCB4200E53138 /* CCTMXLayer.h */ = {isa = PBXFileReference; lastKnownFileType = sourcecode.c.h; name = CCTMXLayer.h; path = libs/cocos2d/CCTMXLayer.h; sourceTree = "<group>"; };
		9B20B790135CCB4200E53138 /* CCTMXLayer.m */ = {isa = PBXFileReference; lastKnownFileType = sourcecode.c.objc; name = CCTMXLayer.m; path = libs/cocos2d/CCTMXLayer.m; sourceTree = "<group>"; };
		9B20B792135CCB4200E53138 /* CCTMXObjectGroup.h */ = {isa = PBXFileReference; lastKnownFileType = sourcecode.c.h; name = CCTMXObjectGroup.h; path = libs/cocos2d/CCTMXObjectGroup.h; sourceTree = "<group>"; };
		9B20B793135CCB4200E53138 /* CCTMXObjectGroup.m */ = {isa = PBXFileReference; lastKnownFileType = sourcecode.c.objc; name = CCTMXObjectGroup.m; path = libs/cocos2d/CCTMXObjectGroup.m; sourceTree = "<group>"; };
		9B20B795135CCB4200E53138 /* CCTMXTiledMap.h */ = {isa = PBXFileReference; lastKnownFileType = sourcecode.c.h; name = CCTMXTiledMap.h; path = libs/cocos2d/CCTMXTiledMap.h; sourceTree = "<group>"; };
		9B20B796135CCB4200E53138 /* CCTMXTiledMap.m */ = {isa = PBXFileReference; lastKnownFileType = sourcecode.c.objc; name = CCTMXTiledMap.m; path = libs/cocos2d/CCTMXTiledMap.m; sourceTree = "<group>"; };
		9B20B798135CCB4200E53138 /* CCTMXXMLParser.h */ = {isa = PBXFileReference; lastKnownFileType = sourcecode.c.h; name = CCTMXXMLParser.h; path = libs/cocos2d/CCTMXXMLParser.h; sourceTree = "<group>"; };
		9B20B799135CCB4200E53138 /* CCTMXXMLParser.m */ = {isa = PBXFileReference; lastKnownFileType = sourcecode.c.objc; name = CCTMXXMLParser.m; path = libs/cocos2d/CCTMXXMLParser.m; sourceTree = "<group>"; };
		9B20B79B135CCB4200E53138 /* CCTransition.h */ = {isa = PBXFileReference; lastKnownFileType = sourcecode.c.h; name = CCTransition.h; path = libs/cocos2d/CCTransition.h; sourceTree = "<group>"; };
		9B20B79C135CCB4200E53138 /* CCTransition.m */ = {isa = PBXFileReference; lastKnownFileType = sourcecode.c.objc; name = CCTransition.m; path = libs/cocos2d/CCTransition.m; sourceTree = "<group>"; };
		9B20B79E135CCB4200E53138 /* CCTransitionPageTurn.h */ = {isa = PBXFileReference; lastKnownFileType = sourcecode.c.h; name = CCTransitionPageTurn.h; path = libs/cocos2d/CCTransitionPageTurn.h; sourceTree = "<group>"; };
		9B20B79F135CCB4200E53138 /* CCTransitionPageTurn.m */ = {isa = PBXFileReference; lastKnownFileType = sourcecode.c.objc; name = CCTransitionPageTurn.m; path = libs/cocos2d/CCTransitionPageTurn.m; sourceTree = "<group>"; };
		9B20B7A1135CCB4200E53138 /* CCTransitionRadial.h */ = {isa = PBXFileReference; lastKnownFileType = sourcecode.c.h; name = CCTransitionRadial.h; path = libs/cocos2d/CCTransitionRadial.h; sourceTree = "<group>"; };
		9B20B7A2135CCB4200E53138 /* CCTransitionRadial.m */ = {isa = PBXFileReference; lastKnownFileType = sourcecode.c.objc; name = CCTransitionRadial.m; path = libs/cocos2d/CCTransitionRadial.m; sourceTree = "<group>"; };
		9B20B7A4135CCB4200E53138 /* ccTypes.h */ = {isa = PBXFileReference; lastKnownFileType = sourcecode.c.h; name = ccTypes.h; path = libs/cocos2d/ccTypes.h; sourceTree = "<group>"; };
		9B20B7A5135CCB4200E53138 /* cocos2d.h */ = {isa = PBXFileReference; lastKnownFileType = sourcecode.c.h; name = cocos2d.h; path = libs/cocos2d/cocos2d.h; sourceTree = "<group>"; };
		9B20B7A6135CCB4200E53138 /* cocos2d.m */ = {isa = PBXFileReference; lastKnownFileType = sourcecode.c.objc; name = cocos2d.m; path = libs/cocos2d/cocos2d.m; sourceTree = "<group>"; };
		9B20B7A8135CCB4200E53138 /* CCGL.h */ = {isa = PBXFileReference; lastKnownFileType = sourcecode.c.h; name = CCGL.h; path = libs/cocos2d/Platforms/CCGL.h; sourceTree = "<group>"; };
		9B20B7A9135CCB4200E53138 /* CCNS.h */ = {isa = PBXFileReference; lastKnownFileType = sourcecode.c.h; name = CCNS.h; path = libs/cocos2d/Platforms/CCNS.h; sourceTree = "<group>"; };
		9B20B7AA135CCB4200E53138 /* CCDirectorIOS.h */ = {isa = PBXFileReference; lastKnownFileType = sourcecode.c.h; name = CCDirectorIOS.h; path = libs/cocos2d/Platforms/iOS/CCDirectorIOS.h; sourceTree = "<group>"; };
		9B20B7AB135CCB4200E53138 /* CCDirectorIOS.m */ = {isa = PBXFileReference; lastKnownFileType = sourcecode.c.objc; name = CCDirectorIOS.m; path = libs/cocos2d/Platforms/iOS/CCDirectorIOS.m; sourceTree = "<group>"; };
		9B20B7AD135CCB4200E53138 /* CCTouchDelegateProtocol.h */ = {isa = PBXFileReference; lastKnownFileType = sourcecode.c.h; name = CCTouchDelegateProtocol.h; path = libs/cocos2d/Platforms/iOS/CCTouchDelegateProtocol.h; sourceTree = "<group>"; };
		9B20B7AE135CCB4200E53138 /* CCTouchDispatcher.h */ = {isa = PBXFileReference; lastKnownFileType = sourcecode.c.h; name = CCTouchDispatcher.h; path = libs/cocos2d/Platforms/iOS/CCTouchDispatcher.h; sourceTree = "<group>"; };
		9B20B7AF135CCB4200E53138 /* CCTouchDispatcher.m */ = {isa = PBXFileReference; lastKnownFileType = sourcecode.c.objc; name = CCTouchDispatcher.m; path = libs/cocos2d/Platforms/iOS/CCTouchDispatcher.m; sourceTree = "<group>"; };
		9B20B7B1135CCB4200E53138 /* CCTouchHandler.h */ = {isa = PBXFileReference; lastKnownFileType = sourcecode.c.h; name = CCTouchHandler.h; path = libs/cocos2d/Platforms/iOS/CCTouchHandler.h; sourceTree = "<group>"; };
		9B20B7B2135CCB4200E53138 /* CCTouchHandler.m */ = {isa = PBXFileReference; lastKnownFileType = sourcecode.c.objc; name = CCTouchHandler.m; path = libs/cocos2d/Platforms/iOS/CCTouchHandler.m; sourceTree = "<group>"; };
		9B20B7B4135CCB4200E53138 /* EAGLView.h */ = {isa = PBXFileReference; lastKnownFileType = sourcecode.c.h; name = EAGLView.h; path = libs/cocos2d/Platforms/iOS/EAGLView.h; sourceTree = "<group>"; };
		9B20B7B5135CCB4200E53138 /* EAGLView.m */ = {isa = PBXFileReference; lastKnownFileType = sourcecode.c.objc; name = EAGLView.m; path = libs/cocos2d/Platforms/iOS/EAGLView.m; sourceTree = "<group>"; };
		9B20B7B7135CCB4200E53138 /* ES1Renderer.h */ = {isa = PBXFileReference; lastKnownFileType = sourcecode.c.h; name = ES1Renderer.h; path = libs/cocos2d/Platforms/iOS/ES1Renderer.h; sourceTree = "<group>"; };
		9B20B7B8135CCB4200E53138 /* ES1Renderer.m */ = {isa = PBXFileReference; lastKnownFileType = sourcecode.c.objc; name = ES1Renderer.m; path = libs/cocos2d/Platforms/iOS/ES1Renderer.m; sourceTree = "<group>"; };
		9B20B7BA135CCB4200E53138 /* ESRenderer.h */ = {isa = PBXFileReference; lastKnownFileType = sourcecode.c.h; name = ESRenderer.h; path = libs/cocos2d/Platforms/iOS/ESRenderer.h; sourceTree = "<group>"; };
		9B20B7BB135CCB4200E53138 /* glu.c */ = {isa = PBXFileReference; lastKnownFileType = sourcecode.c.c; name = glu.c; path = libs/cocos2d/Platforms/iOS/glu.c; sourceTree = "<group>"; };
		9B20B7BD135CCB4200E53138 /* glu.h */ = {isa = PBXFileReference; lastKnownFileType = sourcecode.c.h; name = glu.h; path = libs/cocos2d/Platforms/iOS/glu.h; sourceTree = "<group>"; };
		9B20B7BE135CCB4200E53138 /* CCDirectorMac.h */ = {isa = PBXFileReference; lastKnownFileType = sourcecode.c.h; name = CCDirectorMac.h; path = libs/cocos2d/Platforms/Mac/CCDirectorMac.h; sourceTree = "<group>"; };
		9B20B7BF135CCB4200E53138 /* CCDirectorMac.m */ = {isa = PBXFileReference; lastKnownFileType = sourcecode.c.objc; name = CCDirectorMac.m; path = libs/cocos2d/Platforms/Mac/CCDirectorMac.m; sourceTree = "<group>"; };
		9B20B7C1135CCB4200E53138 /* CCEventDispatcher.h */ = {isa = PBXFileReference; lastKnownFileType = sourcecode.c.h; name = CCEventDispatcher.h; path = libs/cocos2d/Platforms/Mac/CCEventDispatcher.h; sourceTree = "<group>"; };
		9B20B7C2135CCB4200E53138 /* CCEventDispatcher.m */ = {isa = PBXFileReference; lastKnownFileType = sourcecode.c.objc; name = CCEventDispatcher.m; path = libs/cocos2d/Platforms/Mac/CCEventDispatcher.m; sourceTree = "<group>"; };
		9B20B7C4135CCB4200E53138 /* MacGLView.h */ = {isa = PBXFileReference; lastKnownFileType = sourcecode.c.h; name = MacGLView.h; path = libs/cocos2d/Platforms/Mac/MacGLView.h; sourceTree = "<group>"; };
		9B20B7C5135CCB4200E53138 /* MacGLView.m */ = {isa = PBXFileReference; lastKnownFileType = sourcecode.c.objc; name = MacGLView.m; path = libs/cocos2d/Platforms/Mac/MacGLView.m; sourceTree = "<group>"; };
		9B20B7C7135CCB4200E53138 /* MacWindow.h */ = {isa = PBXFileReference; lastKnownFileType = sourcecode.c.h; name = MacWindow.h; path = libs/cocos2d/Platforms/Mac/MacWindow.h; sourceTree = "<group>"; };
		9B20B7C8135CCB4200E53138 /* MacWindow.m */ = {isa = PBXFileReference; lastKnownFileType = sourcecode.c.objc; name = MacWindow.m; path = libs/cocos2d/Platforms/Mac/MacWindow.m; sourceTree = "<group>"; };
		9B20B7CA135CCB4200E53138 /* base64.c */ = {isa = PBXFileReference; lastKnownFileType = sourcecode.c.c; name = base64.c; path = libs/cocos2d/Support/base64.c; sourceTree = "<group>"; };
		9B20B7CC135CCB4200E53138 /* base64.h */ = {isa = PBXFileReference; lastKnownFileType = sourcecode.c.h; name = base64.h; path = libs/cocos2d/Support/base64.h; sourceTree = "<group>"; };
		9B20B7CD135CCB4200E53138 /* CCArray.h */ = {isa = PBXFileReference; lastKnownFileType = sourcecode.c.h; name = CCArray.h; path = libs/cocos2d/Support/CCArray.h; sourceTree = "<group>"; };
		9B20B7CE135CCB4200E53138 /* CCArray.m */ = {isa = PBXFileReference; lastKnownFileType = sourcecode.c.objc; name = CCArray.m; path = libs/cocos2d/Support/CCArray.m; sourceTree = "<group>"; };
		9B20B7D0135CCB4200E53138 /* ccCArray.h */ = {isa = PBXFileReference; lastKnownFileType = sourcecode.c.h; name = ccCArray.h; path = libs/cocos2d/Support/ccCArray.h; sourceTree = "<group>"; };
		9B20B7D1135CCB4200E53138 /* CCFileUtils.h */ = {isa = PBXFileReference; lastKnownFileType = sourcecode.c.h; name = CCFileUtils.h; path = libs/cocos2d/Support/CCFileUtils.h; sourceTree = "<group>"; };
		9B20B7D2135CCB4200E53138 /* CCFileUtils.m */ = {isa = PBXFileReference; lastKnownFileType = sourcecode.c.objc; name = CCFileUtils.m; path = libs/cocos2d/Support/CCFileUtils.m; sourceTree = "<group>"; };
		9B20B7D4135CCB4200E53138 /* CCProfiling.h */ = {isa = PBXFileReference; lastKnownFileType = sourcecode.c.h; name = CCProfiling.h; path = libs/cocos2d/Support/CCProfiling.h; sourceTree = "<group>"; };
		9B20B7D5135CCB4200E53138 /* CCProfiling.m */ = {isa = PBXFileReference; lastKnownFileType = sourcecode.c.objc; name = CCProfiling.m; path = libs/cocos2d/Support/CCProfiling.m; sourceTree = "<group>"; };
		9B20B7D7135CCB4200E53138 /* ccUtils.c */ = {isa = PBXFileReference; lastKnownFileType = sourcecode.c.c; name = ccUtils.c; path = libs/cocos2d/Support/ccUtils.c; sourceTree = "<group>"; };
		9B20B7D9135CCB4200E53138 /* ccUtils.h */ = {isa = PBXFileReference; lastKnownFileType = sourcecode.c.h; name = ccUtils.h; path = libs/cocos2d/Support/ccUtils.h; sourceTree = "<group>"; };
		9B20B7DA135CCB4200E53138 /* CGPointExtension.h */ = {isa = PBXFileReference; lastKnownFileType = sourcecode.c.h; name = CGPointExtension.h; path = libs/cocos2d/Support/CGPointExtension.h; sourceTree = "<group>"; };
		9B20B7DB135CCB4200E53138 /* CGPointExtension.m */ = {isa = PBXFileReference; lastKnownFileType = sourcecode.c.objc; name = CGPointExtension.m; path = libs/cocos2d/Support/CGPointExtension.m; sourceTree = "<group>"; };
		9B20B7DD135CCB4200E53138 /* OpenGL_Internal.h */ = {isa = PBXFileReference; lastKnownFileType = sourcecode.c.h; name = OpenGL_Internal.h; path = libs/cocos2d/Support/OpenGL_Internal.h; sourceTree = "<group>"; };
		9B20B7DE135CCB4200E53138 /* TGAlib.h */ = {isa = PBXFileReference; lastKnownFileType = sourcecode.c.h; name = TGAlib.h; path = libs/cocos2d/Support/TGAlib.h; sourceTree = "<group>"; };
		9B20B7DF135CCB4200E53138 /* TGAlib.m */ = {isa = PBXFileReference; lastKnownFileType = sourcecode.c.objc; name = TGAlib.m; path = libs/cocos2d/Support/TGAlib.m; sourceTree = "<group>"; };
		9B20B7E1135CCB4200E53138 /* TransformUtils.h */ = {isa = PBXFileReference; lastKnownFileType = sourcecode.c.h; name = TransformUtils.h; path = libs/cocos2d/Support/TransformUtils.h; sourceTree = "<group>"; };
		9B20B7E2135CCB4200E53138 /* TransformUtils.m */ = {isa = PBXFileReference; lastKnownFileType = sourcecode.c.objc; name = TransformUtils.m; path = libs/cocos2d/Support/TransformUtils.m; sourceTree = "<group>"; };
		9B20B7E4135CCB4200E53138 /* uthash.h */ = {isa = PBXFileReference; lastKnownFileType = sourcecode.c.h; name = uthash.h; path = libs/cocos2d/Support/uthash.h; sourceTree = "<group>"; };
		9B20B7E5135CCB4200E53138 /* utlist.h */ = {isa = PBXFileReference; lastKnownFileType = sourcecode.c.h; name = utlist.h; path = libs/cocos2d/Support/utlist.h; sourceTree = "<group>"; };
		9B20B7E6135CCB4200E53138 /* ZipUtils.h */ = {isa = PBXFileReference; lastKnownFileType = sourcecode.c.h; name = ZipUtils.h; path = libs/cocos2d/Support/ZipUtils.h; sourceTree = "<group>"; };
		9B20B7E7135CCB4200E53138 /* ZipUtils.m */ = {isa = PBXFileReference; lastKnownFileType = sourcecode.c.objc; name = ZipUtils.m; path = libs/cocos2d/Support/ZipUtils.m; sourceTree = "<group>"; };
		9B20B7E9135CCB4200E53138 /* LICENSE_cocos2d.txt */ = {isa = PBXFileReference; lastKnownFileType = text; name = LICENSE_cocos2d.txt; path = libs/LICENSE_cocos2d.txt; sourceTree = "<group>"; };
		9B20B7EB135CCB4200E53138 /* Prefix.pch */ = {isa = PBXFileReference; lastKnownFileType = sourcecode.c.h; path = Prefix.pch; sourceTree = "<group>"; };
		9B20B7EC135CCB4200E53138 /* main.m */ = {isa = PBXFileReference; lastKnownFileType = sourcecode.c.objc; path = main.m; sourceTree = "<group>"; };
		9B20B7EE135CCB4200E53138 /* AppDelegate.h */ = {isa = PBXFileReference; lastKnownFileType = sourcecode.c.h; path = AppDelegate.h; sourceTree = "<group>"; };
		9B20B7EF135CCB4200E53138 /* AppDelegate.m */ = {isa = PBXFileReference; lastKnownFileType = sourcecode.c.objc; path = AppDelegate.m; sourceTree = "<group>"; };
		9B20B7F1135CCB4200E53138 /* HelloWorldLayer.h */ = {isa = PBXFileReference; lastKnownFileType = sourcecode.c.h; path = HelloWorldLayer.h; sourceTree = "<group>"; };
		9B20B7F2135CCB4200E53138 /* HelloWorldLayer.m */ = {isa = PBXFileReference; lastKnownFileType = sourcecode.c.objc; path = HelloWorldLayer.m; sourceTree = "<group>"; };
		9B20B7F9135CCBBC00E53138 /* Floresta.h */ = {isa = PBXFileReference; fileEncoding = 4; lastKnownFileType = sourcecode.c.h; path = Floresta.h; sourceTree = "<group>"; };
		9B20B7FA135CCBBC00E53138 /* Floresta.m */ = {isa = PBXFileReference; fileEncoding = 4; lastKnownFileType = sourcecode.c.objc; path = Floresta.m; sourceTree = "<group>"; };
		9B25A11D135DF17A00522BE8 /* Cobra.h */ = {isa = PBXFileReference; fileEncoding = 4; lastKnownFileType = sourcecode.c.h; path = Cobra.h; sourceTree = "<group>"; };
		9B25A11E135DF17A00522BE8 /* Cobra.m */ = {isa = PBXFileReference; fileEncoding = 4; lastKnownFileType = sourcecode.c.objc; path = Cobra.m; sourceTree = "<group>"; };
		9B25A123135E006E00522BE8 /* Pos.h */ = {isa = PBXFileReference; fileEncoding = 4; lastKnownFileType = sourcecode.c.h; name = Pos.h; path = ../Pos.h; sourceTree = "<group>"; };
		9B25A124135E199D00522BE8 /* explorador.png */ = {isa = PBXFileReference; lastKnownFileType = image.png; path = explorador.png; sourceTree = "<group>"; };
		9B25A126135E1B1000522BE8 /* mato.png */ = {isa = PBXFileReference; lastKnownFileType = image.png; path = mato.png; sourceTree = "<group>"; };
		9B25A127135E1B1000522BE8 /* perigo.png */ = {isa = PBXFileReference; lastKnownFileType = image.png; path = perigo.png; sourceTree = "<group>"; };
		9B2F701D136E13E10018DAB4 /* GameOverScene.h */ = {isa = PBXFileReference; fileEncoding = 4; lastKnownFileType = sourcecode.c.h; name = GameOverScene.h; path = ../GameOverScene.h; sourceTree = "<group>"; };
		9B2F701E136E13E10018DAB4 /* GameOverScene.m */ = {isa = PBXFileReference; fileEncoding = 4; lastKnownFileType = sourcecode.c.objc; name = GameOverScene.m; path = ../GameOverScene.m; sourceTree = "<group>"; };
		9B2F7021136E19370018DAB4 /* Cidade.h */ = {isa = PBXFileReference; fileEncoding = 4; lastKnownFileType = sourcecode.c.h; path = Cidade.h; sourceTree = "<group>"; };
		9B2F7022136E19370018DAB4 /* Cidade.m */ = {isa = PBXFileReference; fileEncoding = 4; lastKnownFileType = sourcecode.c.objc; path = Cidade.m; sourceTree = "<group>"; };
		9B2F7024136E1AE40018DAB4 /* cidade.png */ = {isa = PBXFileReference; lastKnownFileType = image.png; path = cidade.png; sourceTree = "<group>"; };
		9B512D2C136B35C40064F84E /* sapo.png */ = {isa = PBXFileReference; lastKnownFileType = image.png; path = sapo.png; sourceTree = "<group>"; };
		9B512D2F136B37A80064F84E /* leao.png */ = {isa = PBXFileReference; lastKnownFileType = image.png; path = leao.png; sourceTree = "<group>"; };
		9B512D31136B50A20064F84E /* heart.png */ = {isa = PBXFileReference; lastKnownFileType = image.png; path = heart.png; sourceTree = "<group>"; };
		9B51B298136D9DBE00CAE9EE /* Danakilia.h */ = {isa = PBXFileReference; fileEncoding = 4; lastKnownFileType = sourcecode.c.h; path = Danakilia.h; sourceTree = "<group>"; };
		9B51B299136D9DBE00CAE9EE /* Danakilia.m */ = {isa = PBXFileReference; fileEncoding = 4; lastKnownFileType = sourcecode.c.objc; path = Danakilia.m; sourceTree = "<group>"; };
		9B51B29A136D9DBE00CAE9EE /* Jaguatirica.h */ = {isa = PBXFileReference; fileEncoding = 4; lastKnownFileType = sourcecode.c.h; path = Jaguatirica.h; sourceTree = "<group>"; };
		9B51B29B136D9DBE00CAE9EE /* Jaguatirica.m */ = {isa = PBXFileReference; fileEncoding = 4; lastKnownFileType = sourcecode.c.objc; path = Jaguatirica.m; sourceTree = "<group>"; };
		9B51B29C136D9DBE00CAE9EE /* Manga.h */ = {isa = PBXFileReference; fileEncoding = 4; lastKnownFileType = sourcecode.c.h; path = Manga.h; sourceTree = "<group>"; };
		9B51B29D136D9DBE00CAE9EE /* Manga.m */ = {isa = PBXFileReference; fileEncoding = 4; lastKnownFileType = sourcecode.c.objc; path = Manga.m; sourceTree = "<group>"; };
		9B51B29E136D9DBE00CAE9EE /* Marula.h */ = {isa = PBXFileReference; fileEncoding = 4; lastKnownFileType = sourcecode.c.h; path = Marula.h; sourceTree = "<group>"; };
		9B51B29F136D9DBE00CAE9EE /* Marula.m */ = {isa = PBXFileReference; fileEncoding = 4; lastKnownFileType = sourcecode.c.objc; path = Marula.m; sourceTree = "<group>"; };
		9B51B2A0136D9DBE00CAE9EE /* Piranha.h */ = {isa = PBXFileReference; fileEncoding = 4; lastKnownFileType = sourcecode.c.h; path = Piranha.h; sourceTree = "<group>"; };
		9B51B2A1136D9DBE00CAE9EE /* Piranha.m */ = {isa = PBXFileReference; fileEncoding = 4; lastKnownFileType = sourcecode.c.objc; path = Piranha.m; sourceTree = "<group>"; };
		9B51B2A2136D9DBE00CAE9EE /* Tambaqui.h */ = {isa = PBXFileReference; fileEncoding = 4; lastKnownFileType = sourcecode.c.h; path = Tambaqui.h; sourceTree = "<group>"; };
		9B51B2A3136D9DBE00CAE9EE /* Tambaqui.m */ = {isa = PBXFileReference; fileEncoding = 4; lastKnownFileType = sourcecode.c.objc; path = Tambaqui.m; sourceTree = "<group>"; };
		9B66E8B3136DE868007F7626 /* ViuvaNegra.h */ = {isa = PBXFileReference; fileEncoding = 4; lastKnownFileType = sourcecode.c.h; path = ViuvaNegra.h; sourceTree = "<group>"; };
		9B66E8B4136DE868007F7626 /* ViuvaNegra.m */ = {isa = PBXFileReference; fileEncoding = 4; lastKnownFileType = sourcecode.c.objc; path = ViuvaNegra.m; sourceTree = "<group>"; };
		9B66E8B8136DE888007F7626 /* Tarantula.h */ = {isa = PBXFileReference; fileEncoding = 4; lastKnownFileType = sourcecode.c.h; path = Tarantula.h; sourceTree = "<group>"; };
		9B66E8B9136DE888007F7626 /* Tarantula.m */ = {isa = PBXFileReference; fileEncoding = 4; lastKnownFileType = sourcecode.c.objc; path = Tarantula.m; sourceTree = "<group>"; };
		9B66E8BB136DE8B3007F7626 /* Naja.h */ = {isa = PBXFileReference; fileEncoding = 4; lastKnownFileType = sourcecode.c.h; path = Naja.h; sourceTree = "<group>"; };
		9B66E8BC136DE8B3007F7626 /* Naja.m */ = {isa = PBXFileReference; fileEncoding = 4; lastKnownFileType = sourcecode.c.objc; path = Naja.m; sourceTree = "<group>"; };
		9B66E8BE136DE8DE007F7626 /* Hiena.h */ = {isa = PBXFileReference; fileEncoding = 4; lastKnownFileType = sourcecode.c.h; path = Hiena.h; sourceTree = "<group>"; };
		9B66E8BF136DE8DE007F7626 /* Hiena.m */ = {isa = PBXFileReference; fileEncoding = 4; lastKnownFileType = sourcecode.c.objc; path = Hiena.m; sourceTree = "<group>"; };
		9B66E8C1136DE91C007F7626 /* Kiwano.h */ = {isa = PBXFileReference; fileEncoding = 4; lastKnownFileType = sourcecode.c.h; path = Kiwano.h; sourceTree = "<group>"; };
		9B66E8C2136DE91C007F7626 /* Kiwano.m */ = {isa = PBXFileReference; fileEncoding = 4; lastKnownFileType = sourcecode.c.objc; path = Kiwano.m; sourceTree = "<group>"; };
		9B66E8C3136DE91C007F7626 /* NoemNoem.h */ = {isa = PBXFileReference; fileEncoding = 4; lastKnownFileType = sourcecode.c.h; path = NoemNoem.h; sourceTree = "<group>"; };
		9B66E8C4136DE91C007F7626 /* NoemNoem.m */ = {isa = PBXFileReference; fileEncoding = 4; lastKnownFileType = sourcecode.c.objc; path = NoemNoem.m; sourceTree = "<group>"; };
		9B66E8C7136DEBC8007F7626 /* Cupuacu.h */ = {isa = PBXFileReference; fileEncoding = 4; lastKnownFileType = sourcecode.c.h; path = Cupuacu.h; sourceTree = "<group>"; };
		9B66E8C8136DEBC8007F7626 /* Cupuacu.m */ = {isa = PBXFileReference; fileEncoding = 4; lastKnownFileType = sourcecode.c.objc; path = Cupuacu.m; sourceTree = "<group>"; };
		9B66E8CA136DEE3E007F7626 /* cupuacu.png */ = {isa = PBXFileReference; lastKnownFileType = image.png; path = cupuacu.png; sourceTree = "<group>"; };
		9B66E8CC136DF019007F7626 /* manga.png */ = {isa = PBXFileReference; lastKnownFileType = image.png; path = manga.png; sourceTree = "<group>"; };
		9B66E8CE136DF1AC007F7626 /* jaguatirica.png */ = {isa = PBXFileReference; lastKnownFileType = image.png; path = jaguatirica.png; sourceTree = "<group>"; };
		9B66E8D0136DF22B007F7626 /* piranha.png */ = {isa = PBXFileReference; lastKnownFileType = image.png; path = piranha.png; sourceTree = "<group>"; };
		9B66E8D2136DF2B1007F7626 /* tambaqui.png */ = {isa = PBXFileReference; lastKnownFileType = image.png; path = tambaqui.png; sourceTree = "<group>"; };
		9B66E8D4136DF9FF007F7626 /* escorpiao.png */ = {isa = PBXFileReference; lastKnownFileType = image.png; path = escorpiao.png; sourceTree = "<group>"; };
		9B66E8D6136E065B007F7626 /* caranguejeira.png */ = {isa = PBXFileReference; lastKnownFileType = image.png; path = caranguejeira.png; sourceTree = "<group>"; };
		9B759B37135FD097000CCD47 /* Explorador.h */ = {isa = PBXFileReference; fileEncoding = 4; lastKnownFileType = sourcecode.c.h; path = Explorador.h; sourceTree = "<group>"; };
		9B759B38135FD097000CCD47 /* Explorador.m */ = {isa = PBXFileReference; fileEncoding = 4; lastKnownFileType = sourcecode.c.objc; path = Explorador.m; sourceTree = "<group>"; };
		9B759B39135FD097000CCD47 /* Mato.h */ = {isa = PBXFileReference; fileEncoding = 4; lastKnownFileType = sourcecode.c.h; path = Mato.h; sourceTree = "<group>"; };
		9B759B3A135FD097000CCD47 /* Mato.m */ = {isa = PBXFileReference; fileEncoding = 4; lastKnownFileType = sourcecode.c.objc; path = Mato.m; sourceTree = "<group>"; };
		9B75FD3513699F370092AE05 /* Sapo.h */ = {isa = PBXFileReference; fileEncoding = 4; lastKnownFileType = sourcecode.c.h; path = Sapo.h; sourceTree = "<group>"; };
		9B75FD3613699F370092AE05 /* Sapo.m */ = {isa = PBXFileReference; fileEncoding = 4; lastKnownFileType = sourcecode.c.objc; path = Sapo.m; sourceTree = "<group>"; };
		9B75FD391369A35A0092AE05 /* Leao.h */ = {isa = PBXFileReference; fileEncoding = 4; lastKnownFileType = sourcecode.c.h; path = Leao.h; sourceTree = "<group>"; };
		9B75FD3A1369A35A0092AE05 /* Leao.m */ = {isa = PBXFileReference; fileEncoding = 4; lastKnownFileType = sourcecode.c.objc; path = Leao.m; sourceTree = "<group>"; };
		9B7BA42C136DE62800BD1418 /* AranhaCaran.h */ = {isa = PBXFileReference; fileEncoding = 4; lastKnownFileType = sourcecode.c.h; path = AranhaCaran.h; sourceTree = "<group>"; };
		9B7BA42D136DE62800BD1418 /* AranhaCaran.m */ = {isa = PBXFileReference; fileEncoding = 4; lastKnownFileType = sourcecode.c.objc; path = AranhaCaran.m; sourceTree = "<group>"; };
		9B7BA42E136DE62800BD1418 /* Escorpiao.h */ = {isa = PBXFileReference; fileEncoding = 4; lastKnownFileType = sourcecode.c.h; path = Escorpiao.h; sourceTree = "<group>"; };
		9B7BA42F136DE62800BD1418 /* Escorpiao.m */ = {isa = PBXFileReference; fileEncoding = 4; lastKnownFileType = sourcecode.c.objc; path = Escorpiao.m; sourceTree = "<group>"; };
		9B7BA430136DE62800BD1418 /* Ra.h */ = {isa = PBXFileReference; fileEncoding = 4; lastKnownFileType = sourcecode.c.h; path = Ra.h; sourceTree = "<group>"; };
		9B7BA431136DE62800BD1418 /* Ra.m */ = {isa = PBXFileReference; fileEncoding = 4; lastKnownFileType = sourcecode.c.objc; path = Ra.m; sourceTree = "<group>"; };
/* End PBXFileReference section */

/* Begin PBXFrameworksBuildPhase section */
		9B20B6D8135CCB4100E53138 /* Frameworks */ = {
			isa = PBXFrameworksBuildPhase;
			buildActionMask = 2147483647;
			files = (
				9B20B6E0135CCB4100E53138 /* QuartzCore.framework in Frameworks */,
				9B20B6E2135CCB4100E53138 /* OpenGL.framework in Frameworks */,
				9B20B6E4135CCB4100E53138 /* OpenAL.framework in Frameworks */,
				9B20B6E6135CCB4100E53138 /* AudioToolbox.framework in Frameworks */,
				9B20B6E8135CCB4100E53138 /* AppKit.framework in Frameworks */,
				9B20B6EA135CCB4100E53138 /* Foundation.framework in Frameworks */,
			);
			runOnlyForDeploymentPostprocessing = 0;
		};
/* End PBXFrameworksBuildPhase section */

/* Begin PBXGroup section */
		9B20B6D0135CCB4100E53138 = {
			isa = PBXGroup;
			children = (
				9B20B6EB135CCB4100E53138 /* NoSoEnchantedForest */,
				9B20B6DE135CCB4100E53138 /* Frameworks */,
				9B20B6DC135CCB4100E53138 /* Products */,
			);
			sourceTree = "<group>";
		};
		9B20B6DC135CCB4100E53138 /* Products */ = {
			isa = PBXGroup;
			children = (
				9B20B6DB135CCB4100E53138 /* NoSoEnchantedForest.app */,
			);
			name = Products;
			sourceTree = "<group>";
		};
		9B20B6DE135CCB4100E53138 /* Frameworks */ = {
			isa = PBXGroup;
			children = (
				9B20B6DF135CCB4100E53138 /* QuartzCore.framework */,
				9B20B6E1135CCB4100E53138 /* OpenGL.framework */,
				9B20B6E3135CCB4100E53138 /* OpenAL.framework */,
				9B20B6E5135CCB4100E53138 /* AudioToolbox.framework */,
				9B20B6E7135CCB4100E53138 /* AppKit.framework */,
				9B20B6E9135CCB4100E53138 /* Foundation.framework */,
			);
			name = Frameworks;
			sourceTree = "<group>";
		};
		9B20B6EB135CCB4100E53138 /* NoSoEnchantedForest */ = {
			isa = PBXGroup;
			children = (
				9B7BA437136DE78F00BD1418 /* Fase2 */,
				9B7BA436136DE67800BD1418 /* Fase1 */,
				9B759B37135FD097000CCD47 /* Explorador.h */,
				9B759B38135FD097000CCD47 /* Explorador.m */,
				9B759B39135FD097000CCD47 /* Mato.h */,
				9B759B3A135FD097000CCD47 /* Mato.m */,
				9B20B7F9135CCBBC00E53138 /* Floresta.h */,
				9B20B7FA135CCBBC00E53138 /* Floresta.m */,
				9B25A123135E006E00522BE8 /* Pos.h */,
				9B20B7E9135CCB4200E53138 /* LICENSE_cocos2d.txt */,
				9B20B7EE135CCB4200E53138 /* AppDelegate.h */,
				9B20B7EF135CCB4200E53138 /* AppDelegate.m */,
				9B20B7F1135CCB4200E53138 /* HelloWorldLayer.h */,
				9B20B7F2135CCB4200E53138 /* HelloWorldLayer.m */,
				9B2F701D136E13E10018DAB4 /* GameOverScene.h */,
				9B2F701E136E13E10018DAB4 /* GameOverScene.m */,
				9B20B6EC135CCB4100E53138 /* Resources */,
				9B20B6F8135CCB4100E53138 /* cocos2d */,
				9B20B7EA135CCB4200E53138 /* Supporting Files */,
			);
			path = NoSoEnchantedForest;
			sourceTree = "<group>";
		};
		9B20B6EC135CCB4100E53138 /* Resources */ = {
			isa = PBXGroup;
			children = (
				9B2F7024136E1AE40018DAB4 /* cidade.png */,
				9B66E8D6136E065B007F7626 /* caranguejeira.png */,
				9B66E8D4136DF9FF007F7626 /* escorpiao.png */,
				9B66E8D2136DF2B1007F7626 /* tambaqui.png */,
				9B66E8D0136DF22B007F7626 /* piranha.png */,
				9B66E8CE136DF1AC007F7626 /* jaguatirica.png */,
				9B66E8CC136DF019007F7626 /* manga.png */,
				9B66E8CA136DEE3E007F7626 /* cupuacu.png */,
				9B512D31136B50A20064F84E /* heart.png */,
				9B512D2F136B37A80064F84E /* leao.png */,
				9B512D2C136B35C40064F84E /* sapo.png */,
				9B25A126135E1B1000522BE8 /* mato.png */,
				9B25A127135E1B1000522BE8 /* perigo.png */,
				9B25A124135E199D00522BE8 /* explorador.png */,
				9B20B6ED135CCB4100E53138 /* InfoPlist.strings */,
				9B20B6F0135CCB4100E53138 /* MainMenu.xib */,
				9B20B6F3135CCB4100E53138 /* fps_images.png */,
				9B20B6F5135CCB4100E53138 /* icon.icns */,
				9B20B6F7135CCB4100E53138 /* Info.plist */,
			);
			name = Resources;
			sourceTree = "<group>";
		};
		9B20B6F8135CCB4100E53138 /* cocos2d */ = {
			isa = PBXGroup;
			children = (
				9B20B6F9135CCB4100E53138 /* CCAction.h */,
				9B20B6FA135CCB4100E53138 /* CCAction.m */,
				9B20B6FC135CCB4100E53138 /* CCActionCamera.h */,
				9B20B6FD135CCB4100E53138 /* CCActionCamera.m */,
				9B20B6FF135CCB4100E53138 /* CCActionEase.h */,
				9B20B700135CCB4100E53138 /* CCActionEase.m */,
				9B20B702135CCB4100E53138 /* CCActionGrid.h */,
				9B20B703135CCB4100E53138 /* CCActionGrid.m */,
				9B20B705135CCB4100E53138 /* CCActionGrid3D.h */,
				9B20B706135CCB4100E53138 /* CCActionGrid3D.m */,
				9B20B708135CCB4100E53138 /* CCActionInstant.h */,
				9B20B709135CCB4100E53138 /* CCActionInstant.m */,
				9B20B70B135CCB4100E53138 /* CCActionInterval.h */,
				9B20B70C135CCB4100E53138 /* CCActionInterval.m */,
				9B20B70E135CCB4100E53138 /* CCActionManager.h */,
				9B20B70F135CCB4100E53138 /* CCActionManager.m */,
				9B20B711135CCB4100E53138 /* CCActionPageTurn3D.h */,
				9B20B712135CCB4100E53138 /* CCActionPageTurn3D.m */,
				9B20B714135CCB4100E53138 /* CCActionProgressTimer.h */,
				9B20B715135CCB4100E53138 /* CCActionProgressTimer.m */,
				9B20B717135CCB4100E53138 /* CCActionTiledGrid.h */,
				9B20B718135CCB4100E53138 /* CCActionTiledGrid.m */,
				9B20B71A135CCB4100E53138 /* CCActionTween.h */,
				9B20B71B135CCB4100E53138 /* CCActionTween.m */,
				9B20B71D135CCB4100E53138 /* CCAnimation.h */,
				9B20B71E135CCB4100E53138 /* CCAnimation.m */,
				9B20B720135CCB4100E53138 /* CCAnimationCache.h */,
				9B20B721135CCB4100E53138 /* CCAnimationCache.m */,
				9B20B723135CCB4100E53138 /* CCAtlasNode.h */,
				9B20B724135CCB4100E53138 /* CCAtlasNode.m */,
				9B20B726135CCB4100E53138 /* CCBlockSupport.h */,
				9B20B727135CCB4100E53138 /* CCBlockSupport.m */,
				9B20B729135CCB4100E53138 /* CCCamera.h */,
				9B20B72A135CCB4100E53138 /* CCCamera.m */,
				9B20B72C135CCB4100E53138 /* ccConfig.h */,
				9B20B72D135CCB4100E53138 /* CCConfiguration.h */,
				9B20B72E135CCB4100E53138 /* CCConfiguration.m */,
				9B20B730135CCB4100E53138 /* CCDirector.h */,
				9B20B731135CCB4100E53138 /* CCDirector.m */,
				9B20B733135CCB4100E53138 /* CCDrawingPrimitives.h */,
				9B20B734135CCB4100E53138 /* CCDrawingPrimitives.m */,
				9B20B736135CCB4100E53138 /* CCGrabber.h */,
				9B20B737135CCB4100E53138 /* CCGrabber.m */,
				9B20B739135CCB4100E53138 /* CCGrid.h */,
				9B20B73A135CCB4100E53138 /* CCGrid.m */,
				9B20B73C135CCB4100E53138 /* CCLabelAtlas.h */,
				9B20B73D135CCB4100E53138 /* CCLabelAtlas.m */,
				9B20B73F135CCB4100E53138 /* CCLabelBMFont.h */,
				9B20B740135CCB4100E53138 /* CCLabelBMFont.m */,
				9B20B742135CCB4100E53138 /* CCLabelTTF.h */,
				9B20B743135CCB4100E53138 /* CCLabelTTF.m */,
				9B20B745135CCB4200E53138 /* CCLayer.h */,
				9B20B746135CCB4200E53138 /* CCLayer.m */,
				9B20B748135CCB4200E53138 /* ccMacros.h */,
				9B20B749135CCB4200E53138 /* CCMenu.h */,
				9B20B74A135CCB4200E53138 /* CCMenu.m */,
				9B20B74C135CCB4200E53138 /* CCMenuItem.h */,
				9B20B74D135CCB4200E53138 /* CCMenuItem.m */,
				9B20B74F135CCB4200E53138 /* CCMotionStreak.h */,
				9B20B750135CCB4200E53138 /* CCMotionStreak.m */,
				9B20B752135CCB4200E53138 /* CCNode.h */,
				9B20B753135CCB4200E53138 /* CCNode.m */,
				9B20B755135CCB4200E53138 /* CCParallaxNode.h */,
				9B20B756135CCB4200E53138 /* CCParallaxNode.m */,
				9B20B758135CCB4200E53138 /* CCParticleExamples.h */,
				9B20B759135CCB4200E53138 /* CCParticleExamples.m */,
				9B20B75B135CCB4200E53138 /* CCParticleSystem.h */,
				9B20B75C135CCB4200E53138 /* CCParticleSystem.m */,
				9B20B75E135CCB4200E53138 /* CCParticleSystemPoint.h */,
				9B20B75F135CCB4200E53138 /* CCParticleSystemPoint.m */,
				9B20B761135CCB4200E53138 /* CCParticleSystemQuad.h */,
				9B20B762135CCB4200E53138 /* CCParticleSystemQuad.m */,
				9B20B764135CCB4200E53138 /* CCProgressTimer.h */,
				9B20B765135CCB4200E53138 /* CCProgressTimer.m */,
				9B20B767135CCB4200E53138 /* CCProtocols.h */,
				9B20B768135CCB4200E53138 /* CCRenderTexture.h */,
				9B20B769135CCB4200E53138 /* CCRenderTexture.m */,
				9B20B76B135CCB4200E53138 /* CCRibbon.h */,
				9B20B76C135CCB4200E53138 /* CCRibbon.m */,
				9B20B76E135CCB4200E53138 /* CCScene.h */,
				9B20B76F135CCB4200E53138 /* CCScene.m */,
				9B20B771135CCB4200E53138 /* CCScheduler.h */,
				9B20B772135CCB4200E53138 /* CCScheduler.m */,
				9B20B774135CCB4200E53138 /* CCSprite.h */,
				9B20B775135CCB4200E53138 /* CCSprite.m */,
				9B20B777135CCB4200E53138 /* CCSpriteBatchNode.h */,
				9B20B778135CCB4200E53138 /* CCSpriteBatchNode.m */,
				9B20B77A135CCB4200E53138 /* CCSpriteFrame.h */,
				9B20B77B135CCB4200E53138 /* CCSpriteFrame.m */,
				9B20B77D135CCB4200E53138 /* CCSpriteFrameCache.h */,
				9B20B77E135CCB4200E53138 /* CCSpriteFrameCache.m */,
				9B20B780135CCB4200E53138 /* CCTexture2D.h */,
				9B20B781135CCB4200E53138 /* CCTexture2D.m */,
				9B20B783135CCB4200E53138 /* CCTextureAtlas.h */,
				9B20B784135CCB4200E53138 /* CCTextureAtlas.m */,
				9B20B786135CCB4200E53138 /* CCTextureCache.h */,
				9B20B787135CCB4200E53138 /* CCTextureCache.m */,
				9B20B789135CCB4200E53138 /* CCTexturePVR.h */,
				9B20B78A135CCB4200E53138 /* CCTexturePVR.m */,
				9B20B78C135CCB4200E53138 /* CCTileMapAtlas.h */,
				9B20B78D135CCB4200E53138 /* CCTileMapAtlas.m */,
				9B20B78F135CCB4200E53138 /* CCTMXLayer.h */,
				9B20B790135CCB4200E53138 /* CCTMXLayer.m */,
				9B20B792135CCB4200E53138 /* CCTMXObjectGroup.h */,
				9B20B793135CCB4200E53138 /* CCTMXObjectGroup.m */,
				9B20B795135CCB4200E53138 /* CCTMXTiledMap.h */,
				9B20B796135CCB4200E53138 /* CCTMXTiledMap.m */,
				9B20B798135CCB4200E53138 /* CCTMXXMLParser.h */,
				9B20B799135CCB4200E53138 /* CCTMXXMLParser.m */,
				9B20B79B135CCB4200E53138 /* CCTransition.h */,
				9B20B79C135CCB4200E53138 /* CCTransition.m */,
				9B20B79E135CCB4200E53138 /* CCTransitionPageTurn.h */,
				9B20B79F135CCB4200E53138 /* CCTransitionPageTurn.m */,
				9B20B7A1135CCB4200E53138 /* CCTransitionRadial.h */,
				9B20B7A2135CCB4200E53138 /* CCTransitionRadial.m */,
				9B20B7A4135CCB4200E53138 /* ccTypes.h */,
				9B20B7A5135CCB4200E53138 /* cocos2d.h */,
				9B20B7A6135CCB4200E53138 /* cocos2d.m */,
				9B20B7A8135CCB4200E53138 /* CCGL.h */,
				9B20B7A9135CCB4200E53138 /* CCNS.h */,
				9B20B7AA135CCB4200E53138 /* CCDirectorIOS.h */,
				9B20B7AB135CCB4200E53138 /* CCDirectorIOS.m */,
				9B20B7AD135CCB4200E53138 /* CCTouchDelegateProtocol.h */,
				9B20B7AE135CCB4200E53138 /* CCTouchDispatcher.h */,
				9B20B7AF135CCB4200E53138 /* CCTouchDispatcher.m */,
				9B20B7B1135CCB4200E53138 /* CCTouchHandler.h */,
				9B20B7B2135CCB4200E53138 /* CCTouchHandler.m */,
				9B20B7B4135CCB4200E53138 /* EAGLView.h */,
				9B20B7B5135CCB4200E53138 /* EAGLView.m */,
				9B20B7B7135CCB4200E53138 /* ES1Renderer.h */,
				9B20B7B8135CCB4200E53138 /* ES1Renderer.m */,
				9B20B7BA135CCB4200E53138 /* ESRenderer.h */,
				9B20B7BB135CCB4200E53138 /* glu.c */,
				9B20B7BD135CCB4200E53138 /* glu.h */,
				9B20B7BE135CCB4200E53138 /* CCDirectorMac.h */,
				9B20B7BF135CCB4200E53138 /* CCDirectorMac.m */,
				9B20B7C1135CCB4200E53138 /* CCEventDispatcher.h */,
				9B20B7C2135CCB4200E53138 /* CCEventDispatcher.m */,
				9B20B7C4135CCB4200E53138 /* MacGLView.h */,
				9B20B7C5135CCB4200E53138 /* MacGLView.m */,
				9B20B7C7135CCB4200E53138 /* MacWindow.h */,
				9B20B7C8135CCB4200E53138 /* MacWindow.m */,
				9B20B7CA135CCB4200E53138 /* base64.c */,
				9B20B7CC135CCB4200E53138 /* base64.h */,
				9B20B7CD135CCB4200E53138 /* CCArray.h */,
				9B20B7CE135CCB4200E53138 /* CCArray.m */,
				9B20B7D0135CCB4200E53138 /* ccCArray.h */,
				9B20B7D1135CCB4200E53138 /* CCFileUtils.h */,
				9B20B7D2135CCB4200E53138 /* CCFileUtils.m */,
				9B20B7D4135CCB4200E53138 /* CCProfiling.h */,
				9B20B7D5135CCB4200E53138 /* CCProfiling.m */,
				9B20B7D7135CCB4200E53138 /* ccUtils.c */,
				9B20B7D9135CCB4200E53138 /* ccUtils.h */,
				9B20B7DA135CCB4200E53138 /* CGPointExtension.h */,
				9B20B7DB135CCB4200E53138 /* CGPointExtension.m */,
				9B20B7DD135CCB4200E53138 /* OpenGL_Internal.h */,
				9B20B7DE135CCB4200E53138 /* TGAlib.h */,
				9B20B7DF135CCB4200E53138 /* TGAlib.m */,
				9B20B7E1135CCB4200E53138 /* TransformUtils.h */,
				9B20B7E2135CCB4200E53138 /* TransformUtils.m */,
				9B20B7E4135CCB4200E53138 /* uthash.h */,
				9B20B7E5135CCB4200E53138 /* utlist.h */,
				9B20B7E6135CCB4200E53138 /* ZipUtils.h */,
				9B20B7E7135CCB4200E53138 /* ZipUtils.m */,
			);
			name = cocos2d;
			sourceTree = "<group>";
		};
		9B20B7EA135CCB4200E53138 /* Supporting Files */ = {
			isa = PBXGroup;
			children = (
				9B20B7EB135CCB4200E53138 /* Prefix.pch */,
				9B20B7EC135CCB4200E53138 /* main.m */,
			);
			name = "Supporting Files";
			sourceTree = "<group>";
		};
		9B7BA436136DE67800BD1418 /* Fase1 */ = {
			isa = PBXGroup;
			children = (
				9B66E8C7136DEBC8007F7626 /* Cupuacu.h */,
				9B66E8C8136DEBC8007F7626 /* Cupuacu.m */,
				9B7BA42C136DE62800BD1418 /* AranhaCaran.h */,
				9B7BA42D136DE62800BD1418 /* AranhaCaran.m */,
				9B7BA42E136DE62800BD1418 /* Escorpiao.h */,
				9B7BA42F136DE62800BD1418 /* Escorpiao.m */,
				9B7BA430136DE62800BD1418 /* Ra.h */,
				9B7BA431136DE62800BD1418 /* Ra.m */,
				9B51B29A136D9DBE00CAE9EE /* Jaguatirica.h */,
				9B51B29B136D9DBE00CAE9EE /* Jaguatirica.m */,
				9B51B29C136D9DBE00CAE9EE /* Manga.h */,
				9B51B29D136D9DBE00CAE9EE /* Manga.m */,
				9B51B2A0136D9DBE00CAE9EE /* Piranha.h */,
				9B51B2A1136D9DBE00CAE9EE /* Piranha.m */,
				9B51B2A2136D9DBE00CAE9EE /* Tambaqui.h */,
				9B51B2A3136D9DBE00CAE9EE /* Tambaqui.m */,
				9B25A11D135DF17A00522BE8 /* Cobra.h */,
				9B25A11E135DF17A00522BE8 /* Cobra.m */,
				9B2F7021136E19370018DAB4 /* Cidade.h */,
				9B2F7022136E19370018DAB4 /* Cidade.m */,
			);
			name = Fase1;
			sourceTree = "<group>";
		};
		9B7BA437136DE78F00BD1418 /* Fase2 */ = {
			isa = PBXGroup;
			children = (
				9B66E8C1136DE91C007F7626 /* Kiwano.h */,
				9B66E8C2136DE91C007F7626 /* Kiwano.m */,
				9B66E8C3136DE91C007F7626 /* NoemNoem.h */,
				9B66E8C4136DE91C007F7626 /* NoemNoem.m */,
				9B66E8BE136DE8DE007F7626 /* Hiena.h */,
				9B66E8BF136DE8DE007F7626 /* Hiena.m */,
				9B66E8BB136DE8B3007F7626 /* Naja.h */,
				9B66E8BC136DE8B3007F7626 /* Naja.m */,
				9B66E8B8136DE888007F7626 /* Tarantula.h */,
				9B66E8B9136DE888007F7626 /* Tarantula.m */,
				9B66E8B3136DE868007F7626 /* ViuvaNegra.h */,
				9B66E8B4136DE868007F7626 /* ViuvaNegra.m */,
				9B51B298136D9DBE00CAE9EE /* Danakilia.h */,
				9B51B299136D9DBE00CAE9EE /* Danakilia.m */,
				9B51B29E136D9DBE00CAE9EE /* Marula.h */,
				9B51B29F136D9DBE00CAE9EE /* Marula.m */,
				9B75FD3513699F370092AE05 /* Sapo.h */,
				9B75FD3613699F370092AE05 /* Sapo.m */,
				9B75FD391369A35A0092AE05 /* Leao.h */,
				9B75FD3A1369A35A0092AE05 /* Leao.m */,
			);
			name = Fase2;
			sourceTree = "<group>";
		};
/* End PBXGroup section */

/* Begin PBXNativeTarget section */
		9B20B6DA135CCB4100E53138 /* NoSoEnchantedForest */ = {
			isa = PBXNativeTarget;
			buildConfigurationList = 9B20B7F6135CCB4200E53138 /* Build configuration list for PBXNativeTarget "NoSoEnchantedForest" */;
			buildPhases = (
				9B20B6D7135CCB4100E53138 /* Sources */,
				9B20B6D8135CCB4100E53138 /* Frameworks */,
				9B20B6D9135CCB4100E53138 /* Resources */,
			);
			buildRules = (
			);
			dependencies = (
			);
			name = NoSoEnchantedForest;
			productName = NoSoEnchantedForest;
			productReference = 9B20B6DB135CCB4100E53138 /* NoSoEnchantedForest.app */;
			productType = "com.apple.product-type.application";
		};
/* End PBXNativeTarget section */

/* Begin PBXProject section */
		9B20B6D2135CCB4100E53138 /* Project object */ = {
			isa = PBXProject;
			buildConfigurationList = 9B20B6D5135CCB4100E53138 /* Build configuration list for PBXProject "NoSoEnchantedForest" */;
			compatibilityVersion = "Xcode 3.2";
			developmentRegion = English;
			hasScannedForEncodings = 0;
			knownRegions = (
				en,
				English,
			);
			mainGroup = 9B20B6D0135CCB4100E53138;
			productRefGroup = 9B20B6DC135CCB4100E53138 /* Products */;
			projectDirPath = "";
			projectRoot = "";
			targets = (
				9B20B6DA135CCB4100E53138 /* NoSoEnchantedForest */,
			);
		};
/* End PBXProject section */

/* Begin PBXResourcesBuildPhase section */
		9B20B6D9135CCB4100E53138 /* Resources */ = {
			isa = PBXResourcesBuildPhase;
			buildActionMask = 2147483647;
			files = (
				9B20B6EF135CCB4100E53138 /* InfoPlist.strings in Resources */,
				9B20B6F2135CCB4100E53138 /* MainMenu.xib in Resources */,
				9B20B6F4135CCB4100E53138 /* fps_images.png in Resources */,
				9B20B6F6135CCB4100E53138 /* icon.icns in Resources */,
				9B25A125135E199D00522BE8 /* explorador.png in Resources */,
				9B25A128135E1B1000522BE8 /* mato.png in Resources */,
				9B25A129135E1B1000522BE8 /* perigo.png in Resources */,
				9B512D2D136B35C40064F84E /* sapo.png in Resources */,
				9B512D30136B37A80064F84E /* leao.png in Resources */,
				9B512D32136B50A20064F84E /* heart.png in Resources */,
				9B66E8CB136DEE3E007F7626 /* cupuacu.png in Resources */,
				9B66E8CD136DF019007F7626 /* manga.png in Resources */,
				9B66E8CF136DF1AC007F7626 /* jaguatirica.png in Resources */,
				9B66E8D1136DF22B007F7626 /* piranha.png in Resources */,
				9B66E8D3136DF2B1007F7626 /* tambaqui.png in Resources */,
				9B66E8D5136DF9FF007F7626 /* escorpiao.png in Resources */,
				9B66E8D7136E065B007F7626 /* caranguejeira.png in Resources */,
				9B2F7025136E1AE40018DAB4 /* cidade.png in Resources */,
			);
			runOnlyForDeploymentPostprocessing = 0;
		};
/* End PBXResourcesBuildPhase section */

/* Begin PBXSourcesBuildPhase section */
		9B20B6D7135CCB4100E53138 /* Sources */ = {
			isa = PBXSourcesBuildPhase;
			buildActionMask = 2147483647;
			files = (
				9B20B6FB135CCB4100E53138 /* CCAction.m in Sources */,
				9B20B6FE135CCB4100E53138 /* CCActionCamera.m in Sources */,
				9B20B701135CCB4100E53138 /* CCActionEase.m in Sources */,
				9B20B704135CCB4100E53138 /* CCActionGrid.m in Sources */,
				9B20B707135CCB4100E53138 /* CCActionGrid3D.m in Sources */,
				9B20B70A135CCB4100E53138 /* CCActionInstant.m in Sources */,
				9B20B70D135CCB4100E53138 /* CCActionInterval.m in Sources */,
				9B20B710135CCB4100E53138 /* CCActionManager.m in Sources */,
				9B20B713135CCB4100E53138 /* CCActionPageTurn3D.m in Sources */,
				9B20B716135CCB4100E53138 /* CCActionProgressTimer.m in Sources */,
				9B20B719135CCB4100E53138 /* CCActionTiledGrid.m in Sources */,
				9B20B71C135CCB4100E53138 /* CCActionTween.m in Sources */,
				9B20B71F135CCB4100E53138 /* CCAnimation.m in Sources */,
				9B20B722135CCB4100E53138 /* CCAnimationCache.m in Sources */,
				9B20B725135CCB4100E53138 /* CCAtlasNode.m in Sources */,
				9B20B728135CCB4100E53138 /* CCBlockSupport.m in Sources */,
				9B20B72B135CCB4100E53138 /* CCCamera.m in Sources */,
				9B20B72F135CCB4100E53138 /* CCConfiguration.m in Sources */,
				9B20B732135CCB4100E53138 /* CCDirector.m in Sources */,
				9B20B735135CCB4100E53138 /* CCDrawingPrimitives.m in Sources */,
				9B20B738135CCB4100E53138 /* CCGrabber.m in Sources */,
				9B20B73B135CCB4100E53138 /* CCGrid.m in Sources */,
				9B20B73E135CCB4100E53138 /* CCLabelAtlas.m in Sources */,
				9B20B741135CCB4100E53138 /* CCLabelBMFont.m in Sources */,
				9B20B744135CCB4100E53138 /* CCLabelTTF.m in Sources */,
				9B20B747135CCB4200E53138 /* CCLayer.m in Sources */,
				9B20B74B135CCB4200E53138 /* CCMenu.m in Sources */,
				9B20B74E135CCB4200E53138 /* CCMenuItem.m in Sources */,
				9B20B751135CCB4200E53138 /* CCMotionStreak.m in Sources */,
				9B20B754135CCB4200E53138 /* CCNode.m in Sources */,
				9B20B757135CCB4200E53138 /* CCParallaxNode.m in Sources */,
				9B20B75A135CCB4200E53138 /* CCParticleExamples.m in Sources */,
				9B20B75D135CCB4200E53138 /* CCParticleSystem.m in Sources */,
				9B20B760135CCB4200E53138 /* CCParticleSystemPoint.m in Sources */,
				9B20B763135CCB4200E53138 /* CCParticleSystemQuad.m in Sources */,
				9B20B766135CCB4200E53138 /* CCProgressTimer.m in Sources */,
				9B20B76A135CCB4200E53138 /* CCRenderTexture.m in Sources */,
				9B20B76D135CCB4200E53138 /* CCRibbon.m in Sources */,
				9B20B770135CCB4200E53138 /* CCScene.m in Sources */,
				9B20B773135CCB4200E53138 /* CCScheduler.m in Sources */,
				9B20B776135CCB4200E53138 /* CCSprite.m in Sources */,
				9B20B779135CCB4200E53138 /* CCSpriteBatchNode.m in Sources */,
				9B20B77C135CCB4200E53138 /* CCSpriteFrame.m in Sources */,
				9B20B77F135CCB4200E53138 /* CCSpriteFrameCache.m in Sources */,
				9B20B782135CCB4200E53138 /* CCTexture2D.m in Sources */,
				9B20B785135CCB4200E53138 /* CCTextureAtlas.m in Sources */,
				9B20B788135CCB4200E53138 /* CCTextureCache.m in Sources */,
				9B20B78B135CCB4200E53138 /* CCTexturePVR.m in Sources */,
				9B20B78E135CCB4200E53138 /* CCTileMapAtlas.m in Sources */,
				9B20B791135CCB4200E53138 /* CCTMXLayer.m in Sources */,
				9B20B794135CCB4200E53138 /* CCTMXObjectGroup.m in Sources */,
				9B20B797135CCB4200E53138 /* CCTMXTiledMap.m in Sources */,
				9B20B79A135CCB4200E53138 /* CCTMXXMLParser.m in Sources */,
				9B20B79D135CCB4200E53138 /* CCTransition.m in Sources */,
				9B20B7A0135CCB4200E53138 /* CCTransitionPageTurn.m in Sources */,
				9B20B7A3135CCB4200E53138 /* CCTransitionRadial.m in Sources */,
				9B20B7A7135CCB4200E53138 /* cocos2d.m in Sources */,
				9B20B7AC135CCB4200E53138 /* CCDirectorIOS.m in Sources */,
				9B20B7B0135CCB4200E53138 /* CCTouchDispatcher.m in Sources */,
				9B20B7B3135CCB4200E53138 /* CCTouchHandler.m in Sources */,
				9B20B7B6135CCB4200E53138 /* EAGLView.m in Sources */,
				9B20B7B9135CCB4200E53138 /* ES1Renderer.m in Sources */,
				9B20B7BC135CCB4200E53138 /* glu.c in Sources */,
				9B20B7C0135CCB4200E53138 /* CCDirectorMac.m in Sources */,
				9B20B7C3135CCB4200E53138 /* CCEventDispatcher.m in Sources */,
				9B20B7C6135CCB4200E53138 /* MacGLView.m in Sources */,
				9B20B7C9135CCB4200E53138 /* MacWindow.m in Sources */,
				9B20B7CB135CCB4200E53138 /* base64.c in Sources */,
				9B20B7CF135CCB4200E53138 /* CCArray.m in Sources */,
				9B20B7D3135CCB4200E53138 /* CCFileUtils.m in Sources */,
				9B20B7D6135CCB4200E53138 /* CCProfiling.m in Sources */,
				9B20B7D8135CCB4200E53138 /* ccUtils.c in Sources */,
				9B20B7DC135CCB4200E53138 /* CGPointExtension.m in Sources */,
				9B20B7E0135CCB4200E53138 /* TGAlib.m in Sources */,
				9B20B7E3135CCB4200E53138 /* TransformUtils.m in Sources */,
				9B20B7E8135CCB4200E53138 /* ZipUtils.m in Sources */,
				9B20B7ED135CCB4200E53138 /* main.m in Sources */,
				9B20B7F0135CCB4200E53138 /* AppDelegate.m in Sources */,
				9B20B7F3135CCB4200E53138 /* HelloWorldLayer.m in Sources */,
				9B20B7FB135CCBBC00E53138 /* Floresta.m in Sources */,
				9B25A11F135DF17A00522BE8 /* Cobra.m in Sources */,
				9B759B3B135FD097000CCD47 /* Explorador.m in Sources */,
				9B759B3C135FD097000CCD47 /* Mato.m in Sources */,
				9B75FD3713699F370092AE05 /* Sapo.m in Sources */,
				9B75FD3B1369A35A0092AE05 /* Leao.m in Sources */,
				9B51B2A5136D9DBE00CAE9EE /* Danakilia.m in Sources */,
				9B51B2A6136D9DBE00CAE9EE /* Jaguatirica.m in Sources */,
				9B51B2A7136D9DBE00CAE9EE /* Manga.m in Sources */,
				9B51B2A8136D9DBE00CAE9EE /* Marula.m in Sources */,
				9B51B2A9136D9DBE00CAE9EE /* Piranha.m in Sources */,
				9B51B2AA136D9DBE00CAE9EE /* Tambaqui.m in Sources */,
				9B7BA432136DE62800BD1418 /* AranhaCaran.m in Sources */,
				9B7BA433136DE62800BD1418 /* Escorpiao.m in Sources */,
				9B7BA434136DE62800BD1418 /* Ra.m in Sources */,
				9B66E8B5136DE868007F7626 /* ViuvaNegra.m in Sources */,
				9B66E8BA136DE888007F7626 /* Tarantula.m in Sources */,
				9B66E8BD136DE8B3007F7626 /* Naja.m in Sources */,
				9B66E8C0136DE8DE007F7626 /* Hiena.m in Sources */,
				9B66E8C5136DE91C007F7626 /* Kiwano.m in Sources */,
				9B66E8C6136DE91C007F7626 /* NoemNoem.m in Sources */,
				9B66E8C9136DEBC8007F7626 /* Cupuacu.m in Sources */,
				9B2F701F136E13E10018DAB4 /* GameOverScene.m in Sources */,
				9B2F7023136E19370018DAB4 /* Cidade.m in Sources */,
			);
			runOnlyForDeploymentPostprocessing = 0;
		};
/* End PBXSourcesBuildPhase section */

/* Begin PBXVariantGroup section */
		9B20B6ED135CCB4100E53138 /* InfoPlist.strings */ = {
			isa = PBXVariantGroup;
			children = (
				9B20B6EE135CCB4100E53138 /* English */,
			);
			name = InfoPlist.strings;
			sourceTree = "<group>";
		};
		9B20B6F0135CCB4100E53138 /* MainMenu.xib */ = {
			isa = PBXVariantGroup;
			children = (
				9B20B6F1135CCB4100E53138 /* English */,
			);
			name = MainMenu.xib;
			sourceTree = "<group>";
		};
/* End PBXVariantGroup section */

/* Begin XCBuildConfiguration section */
		9B20B7F4135CCB4200E53138 /* Debug */ = {
			isa = XCBuildConfiguration;
			buildSettings = {
				ARCHS = "$(ARCHS_STANDARD_32_64_BIT)";
				GCC_C_LANGUAGE_STANDARD = gnu99;
				GCC_OPTIMIZATION_LEVEL = 0;
				GCC_PREPROCESSOR_DEFINITIONS = (
					DEBUG,
					"COCOS2D_DEBUG=1",
				);
				GCC_SYMBOLS_PRIVATE_EXTERN = NO;
				GCC_VERSION = com.apple.compilers.llvm.clang.1_0;
				GCC_WARN_64_TO_32_BIT_CONVERSION = YES;
				GCC_WARN_ABOUT_RETURN_TYPE = YES;
				GCC_WARN_UNUSED_VARIABLE = YES;
				MACOSX_DEPLOYMENT_TARGET = 10.6;
				ONLY_ACTIVE_ARCH = YES;
				SDKROOT = macosx;
			};
			name = Debug;
		};
		9B20B7F5135CCB4200E53138 /* Release */ = {
			isa = XCBuildConfiguration;
			buildSettings = {
				ARCHS = "$(ARCHS_STANDARD_32_64_BIT)";
				GCC_C_LANGUAGE_STANDARD = gnu99;
				GCC_PREPROCESSOR_DEFINITIONS = NDEBUG;
				GCC_VERSION = com.apple.compilers.llvm.clang.1_0;
				GCC_WARN_64_TO_32_BIT_CONVERSION = YES;
				GCC_WARN_ABOUT_RETURN_TYPE = YES;
				GCC_WARN_UNUSED_VARIABLE = YES;
				MACOSX_DEPLOYMENT_TARGET = 10.6;
				OTHER_CFLAGS = "-DNS_BLOCK_ASSERTIONS=1";
				SDKROOT = macosx;
			};
			name = Release;
		};
		9B20B7F7135CCB4200E53138 /* Debug */ = {
			isa = XCBuildConfiguration;
			buildSettings = {
				ALWAYS_SEARCH_USER_PATHS = NO;
				COPY_PHASE_STRIP = NO;
				GCC_DYNAMIC_NO_PIC = NO;
				GCC_ENABLE_OBJC_EXCEPTIONS = YES;
				GCC_PRECOMPILE_PREFIX_HEADER = YES;
				GCC_PREFIX_HEADER = NoSoEnchantedForest/Prefix.pch;
				INFOPLIST_FILE = NoSoEnchantedForest/Resources/Info.plist;
				OTHER_LDFLAGS = "-lz";
				PRODUCT_NAME = "$(TARGET_NAME)";
				WRAPPER_EXTENSION = app;
			};
			name = Debug;
		};
		9B20B7F8135CCB4200E53138 /* Release */ = {
			isa = XCBuildConfiguration;
			buildSettings = {
				ALWAYS_SEARCH_USER_PATHS = NO;
				COPY_PHASE_STRIP = YES;
				DEBUG_INFORMATION_FORMAT = "dwarf-with-dsym";
				GCC_ENABLE_OBJC_EXCEPTIONS = YES;
				GCC_PRECOMPILE_PREFIX_HEADER = YES;
				GCC_PREFIX_HEADER = NoSoEnchantedForest/Prefix.pch;
				INFOPLIST_FILE = NoSoEnchantedForest/Resources/Info.plist;
				OTHER_LDFLAGS = "-lz";
				PRODUCT_NAME = "$(TARGET_NAME)";
				WRAPPER_EXTENSION = app;
			};
			name = Release;
		};
/* End XCBuildConfiguration section */

/* Begin XCConfigurationList section */
		9B20B6D5135CCB4100E53138 /* Build configuration list for PBXProject "NoSoEnchantedForest" */ = {
			isa = XCConfigurationList;
			buildConfigurations = (
				9B20B7F4135CCB4200E53138 /* Debug */,
				9B20B7F5135CCB4200E53138 /* Release */,
			);
			defaultConfigurationIsVisible = 0;
			defaultConfigurationName = Release;
		};
		9B20B7F6135CCB4200E53138 /* Build configuration list for PBXNativeTarget "NoSoEnchantedForest" */ = {
			isa = XCConfigurationList;
			buildConfigurations = (
				9B20B7F7135CCB4200E53138 /* Debug */,
				9B20B7F8135CCB4200E53138 /* Release */,
			);
			defaultConfigurationIsVisible = 0;
			defaultConfigurationName = Release;
		};
/* End XCConfigurationList section */
	};
	rootObject = 9B20B6D2135CCB4100E53138 /* Project object */;
}
